
Microsoft Visual Studio Solution File, Format Version 12.00
# Visual Studio 2013
VisualStudioVersion = 12.0.21005.1
MinimumVisualStudioVersion = 10.0.40219.1
Project("{FAE04EC0-301F-11D3-BF4B-00C04F79EFBC}") = "AppedoLT.Core", "AppedoLT.Core\AppedoLT.Core.csproj", "{0FD4A43E-E7BC-45BD-8897-537A46A0D54D}"
EndProject
Project("{FAE04EC0-301F-11D3-BF4B-00C04F79EFBC}") = "AppedoLT.DataAccessLayer", "AppedoLT.DataAccessLayer\AppedoLT.DataAccessLayer.csproj", "{32074F4C-9AA8-42C8-A711-97BFF96E4C82}"
EndProject
Project("{FAE04EC0-301F-11D3-BF4B-00C04F79EFBC}") = "AppedoLT.LoadGenerator", "AppedoLT.LoadGenerator\AppedoLT.LoadGenerator.csproj", "{82AC5A58-1366-4D4D-A3F3-CA22684B3FC3}"
EndProject
Project("{6141683F-8A12-4E36-9623-2EB02B2C2303}") = "Build AppedoLT", "Build AppedoLT\Build AppedoLT.isproj", "{55D7A6DB-02F3-4193-8BAD-1CABE8A3193F}"
	ProjectSection(ProjectDependencies) = postProject
		{82AC5A58-1366-4D4D-A3F3-CA22684B3FC3} = {82AC5A58-1366-4D4D-A3F3-CA22684B3FC3}
		{99D24F84-9972-4FBC-B0F4-D5D4706EBE46} = {99D24F84-9972-4FBC-B0F4-D5D4706EBE46}
	EndProjectSection
EndProject
Project("{FAE04EC0-301F-11D3-BF4B-00C04F79EFBC}") = "AppedoLT", "AppedoLT\AppedoLT.csproj", "{99D24F84-9972-4FBC-B0F4-D5D4706EBE46}"
EndProject
Project("{FAE04EC0-301F-11D3-BF4B-00C04F79EFBC}") = "AppedoLT.BusinessLogic", "AppedoLT.BusinessLogic\AppedoLT.BusinessLogic.csproj", "{A482E44A-82E8-4CBF-9624-A8293BC2B437}"
EndProject
Project("{FAE04EC0-301F-11D3-BF4B-00C04F79EFBC}") = "AppedoLT.Controller", "AppedoLT.Controller\AppedoLT.Controller.csproj", "{FD491976-C9CA-4A1B-ACF5-9C6420B00EF7}"
EndProject
Project("{6141683F-8A12-4E36-9623-2EB02B2C2303}") = "Build AppedoLT.Controller", "Build AppedoLT.Controller\Build AppedoLT.Controller.isproj", "{0269369A-3B11-4310-B8B2-C9834EB87804}"
	ProjectSection(ProjectDependencies) = postProject
		{0FD4A43E-E7BC-45BD-8897-537A46A0D54D} = {0FD4A43E-E7BC-45BD-8897-537A46A0D54D}
		{A482E44A-82E8-4CBF-9624-A8293BC2B437} = {A482E44A-82E8-4CBF-9624-A8293BC2B437}
		{32074F4C-9AA8-42C8-A711-97BFF96E4C82} = {32074F4C-9AA8-42C8-A711-97BFF96E4C82}
		{FD491976-C9CA-4A1B-ACF5-9C6420B00EF7} = {FD491976-C9CA-4A1B-ACF5-9C6420B00EF7}
	EndProjectSection
EndProject
Project("{FAE04EC0-301F-11D3-BF4B-00C04F79EFBC}") = "MSWindowsCounterAgent", "MSWindowsCounterAgent\MSWindowsCounterAgent.csproj", "{17EDFA86-ACD5-4CE7-AAEA-9334CC288780}"
EndProject
Project("{6141683F-8A12-4E36-9623-2EB02B2C2303}") = "Build MSWindowsCounterAgentSetup", "Build MSWindowsCounterAgentSetup\Build MSWindowsCounterAgentSetup.isproj", "{64F7937B-B9A1-4966-8541-48E26842B6E2}"
	ProjectSection(ProjectDependencies) = postProject
		{17EDFA86-ACD5-4CE7-AAEA-9334CC288780} = {17EDFA86-ACD5-4CE7-AAEA-9334CC288780}
	EndProjectSection
EndProject
Project("{FAE04EC0-301F-11D3-BF4B-00C04F79EFBC}") = "MSIISCounterAgent", "MSIISCounterAgent\MSIISCounterAgent.csproj", "{ED6A7753-3199-4717-B270-B705CF1B223A}"
EndProject
Project("{FAE04EC0-301F-11D3-BF4B-00C04F79EFBC}") = "MSSQLCounterAgent", "MSSQLCounterAgent\MSSQLCounterAgent.csproj", "{56DC0AC4-5220-469A-BBA5-3B6AD4935830}"
EndProject
Project("{6141683F-8A12-4E36-9623-2EB02B2C2303}") = "Build MSIISCounterAgentSetup", "Build MSIISCounterAgentSetup\Build MSIISCounterAgentSetup.isproj", "{7D810AFA-5B67-4C3A-A10F-A75FA7E33CD7}"
	ProjectSection(ProjectDependencies) = postProject
		{ED6A7753-3199-4717-B270-B705CF1B223A} = {ED6A7753-3199-4717-B270-B705CF1B223A}
	EndProjectSection
EndProject
Project("{2150E333-8FDC-42A3-9474-1A3956D46DE8}") = "Solution Items", "Solution Items", "{39A051FE-ED4B-4445-A35B-3B330A294C4E}"
	ProjectSection(SolutionItems) = preProject
		Performance1.psess = Performance1.psess
	EndProjectSection
EndProject
Project("{6141683F-8A12-4E36-9623-2EB02B2C2303}") = "Build MSSQLCounterAgentSetup", "Build MSSQLCounterAgentSetup\Build MSSQLCounterAgentSetup.isproj", "{36592C1E-4BB1-4E2F-8407-C842C2A30238}"
	ProjectSection(ProjectDependencies) = postProject
		{56DC0AC4-5220-469A-BBA5-3B6AD4935830} = {56DC0AC4-5220-469A-BBA5-3B6AD4935830}
	EndProjectSection
EndProject
Project("{FAE04EC0-301F-11D3-BF4B-00C04F79EFBC}") = "Profiler", "Profiler\Profiler.csproj", "{C2AE7C60-BB61-4D23-A4B4-C42CBB652CBB}"
EndProject
Project("{8BC9CEB8-8B4A-11D0-8D11-00A0C91BC942}") = "ProfilerOBJ", "profilerOBJ\ProfilerOBJ.vcxproj", "{A1BCB61E-359F-46C8-89E1-26CD7E356880}"
EndProject
Project("{FAE04EC0-301F-11D3-BF4B-00C04F79EFBC}") = "AgentCore", "AgentCore\AgentCore.csproj", "{01908292-8589-4166-BBF6-5E39D8A0C84E}"
EndProject
Project("{6141683F-8A12-4E36-9623-2EB02B2C2303}") = "Build DotNetProfiler", "Build DotNetProfiler\Build DotNetProfiler.isproj", "{155F2E2E-7433-4AF0-8BC2-C503D1B81A96}"
	ProjectSection(ProjectDependencies) = postProject
		{A1BCB61E-359F-46C8-89E1-26CD7E356880} = {A1BCB61E-359F-46C8-89E1-26CD7E356880}
		{C2AE7C60-BB61-4D23-A4B4-C42CBB652CBB} = {C2AE7C60-BB61-4D23-A4B4-C42CBB652CBB}
	EndProjectSection
EndProject
Project("{6141683F-8A12-4E36-9623-2EB02B2C2303}") = "Build AppedoLT.LoadGenerator", "Build AppedoLT.LoadGenerator\Build AppedoLT.LoadGenerator.isproj", "{D39EBB6B-3333-4654-BED7-D33A954BCD9F}"
	ProjectSection(ProjectDependencies) = postProject
		{82AC5A58-1366-4D4D-A3F3-CA22684B3FC3} = {82AC5A58-1366-4D4D-A3F3-CA22684B3FC3}
	EndProjectSection
EndProject
Global
	GlobalSection(SolutionConfigurationPlatforms) = preSolution
		CD_ROM|Any CPU = CD_ROM|Any CPU
		CD_ROM|Mixed Platforms = CD_ROM|Mixed Platforms
		CD_ROM|Win32 = CD_ROM|Win32
		CD_ROM|x64 = CD_ROM|x64
		CD_ROM|x86 = CD_ROM|x86
		Debug|Any CPU = Debug|Any CPU
		Debug|Mixed Platforms = Debug|Mixed Platforms
		Debug|Win32 = Debug|Win32
		Debug|x64 = Debug|x64
		Debug|x86 = Debug|x86
		DVD-5|Any CPU = DVD-5|Any CPU
		DVD-5|Mixed Platforms = DVD-5|Mixed Platforms
		DVD-5|Win32 = DVD-5|Win32
		DVD-5|x64 = DVD-5|x64
		DVD-5|x86 = DVD-5|x86
		Release|Any CPU = Release|Any CPU
		Release|Mixed Platforms = Release|Mixed Platforms
		Release|Win32 = Release|Win32
		Release|x64 = Release|x64
		Release|x86 = Release|x86
		SingleImage|Any CPU = SingleImage|Any CPU
		SingleImage|Mixed Platforms = SingleImage|Mixed Platforms
		SingleImage|Win32 = SingleImage|Win32
		SingleImage|x64 = SingleImage|x64
		SingleImage|x86 = SingleImage|x86
	EndGlobalSection
	GlobalSection(ProjectConfigurationPlatforms) = postSolution
		{0FD4A43E-E7BC-45BD-8897-537A46A0D54D}.CD_ROM|Any CPU.ActiveCfg = Release|Any CPU
		{0FD4A43E-E7BC-45BD-8897-537A46A0D54D}.CD_ROM|Any CPU.Build.0 = Release|Any CPU
		{0FD4A43E-E7BC-45BD-8897-537A46A0D54D}.CD_ROM|Mixed Platforms.ActiveCfg = Debug|Any CPU
		{0FD4A43E-E7BC-45BD-8897-537A46A0D54D}.CD_ROM|Mixed Platforms.Build.0 = Debug|Any CPU
		{0FD4A43E-E7BC-45BD-8897-537A46A0D54D}.CD_ROM|Win32.ActiveCfg = Debug|Any CPU
		{0FD4A43E-E7BC-45BD-8897-537A46A0D54D}.CD_ROM|x64.ActiveCfg = Release|Any CPU
		{0FD4A43E-E7BC-45BD-8897-537A46A0D54D}.CD_ROM|x86.ActiveCfg = Release|Any CPU
		{0FD4A43E-E7BC-45BD-8897-537A46A0D54D}.Debug|Any CPU.ActiveCfg = Debug|Any CPU
		{0FD4A43E-E7BC-45BD-8897-537A46A0D54D}.Debug|Any CPU.Build.0 = Debug|Any CPU
		{0FD4A43E-E7BC-45BD-8897-537A46A0D54D}.Debug|Mixed Platforms.ActiveCfg = Debug|Any CPU
		{0FD4A43E-E7BC-45BD-8897-537A46A0D54D}.Debug|Mixed Platforms.Build.0 = Debug|Any CPU
		{0FD4A43E-E7BC-45BD-8897-537A46A0D54D}.Debug|Win32.ActiveCfg = Debug|Any CPU
		{0FD4A43E-E7BC-45BD-8897-537A46A0D54D}.Debug|x64.ActiveCfg = Debug|Any CPU
		{0FD4A43E-E7BC-45BD-8897-537A46A0D54D}.Debug|x86.ActiveCfg = Debug|Any CPU
		{0FD4A43E-E7BC-45BD-8897-537A46A0D54D}.DVD-5|Any CPU.ActiveCfg = Debug|Any CPU
		{0FD4A43E-E7BC-45BD-8897-537A46A0D54D}.DVD-5|Any CPU.Build.0 = Debug|Any CPU
		{0FD4A43E-E7BC-45BD-8897-537A46A0D54D}.DVD-5|Mixed Platforms.ActiveCfg = Debug|Any CPU
		{0FD4A43E-E7BC-45BD-8897-537A46A0D54D}.DVD-5|Mixed Platforms.Build.0 = Debug|Any CPU
		{0FD4A43E-E7BC-45BD-8897-537A46A0D54D}.DVD-5|Win32.ActiveCfg = Debug|Any CPU
		{0FD4A43E-E7BC-45BD-8897-537A46A0D54D}.DVD-5|x64.ActiveCfg = Debug|Any CPU
		{0FD4A43E-E7BC-45BD-8897-537A46A0D54D}.DVD-5|x86.ActiveCfg = Debug|Any CPU
		{0FD4A43E-E7BC-45BD-8897-537A46A0D54D}.Release|Any CPU.ActiveCfg = Release|Any CPU
		{0FD4A43E-E7BC-45BD-8897-537A46A0D54D}.Release|Any CPU.Build.0 = Release|Any CPU
		{0FD4A43E-E7BC-45BD-8897-537A46A0D54D}.Release|Mixed Platforms.ActiveCfg = Release|Any CPU
		{0FD4A43E-E7BC-45BD-8897-537A46A0D54D}.Release|Mixed Platforms.Build.0 = Release|Any CPU
		{0FD4A43E-E7BC-45BD-8897-537A46A0D54D}.Release|Win32.ActiveCfg = Release|Any CPU
		{0FD4A43E-E7BC-45BD-8897-537A46A0D54D}.Release|x64.ActiveCfg = Release|Any CPU
		{0FD4A43E-E7BC-45BD-8897-537A46A0D54D}.Release|x86.ActiveCfg = Release|Any CPU
		{0FD4A43E-E7BC-45BD-8897-537A46A0D54D}.SingleImage|Any CPU.ActiveCfg = Release|Any CPU
		{0FD4A43E-E7BC-45BD-8897-537A46A0D54D}.SingleImage|Any CPU.Build.0 = Release|Any CPU
		{0FD4A43E-E7BC-45BD-8897-537A46A0D54D}.SingleImage|Mixed Platforms.ActiveCfg = Debug|Any CPU
		{0FD4A43E-E7BC-45BD-8897-537A46A0D54D}.SingleImage|Mixed Platforms.Build.0 = Debug|Any CPU
		{0FD4A43E-E7BC-45BD-8897-537A46A0D54D}.SingleImage|Win32.ActiveCfg = Debug|Any CPU
		{0FD4A43E-E7BC-45BD-8897-537A46A0D54D}.SingleImage|x64.ActiveCfg = Release|Any CPU
		{0FD4A43E-E7BC-45BD-8897-537A46A0D54D}.SingleImage|x86.ActiveCfg = Release|Any CPU
		{32074F4C-9AA8-42C8-A711-97BFF96E4C82}.CD_ROM|Any CPU.ActiveCfg = Release|Any CPU
		{32074F4C-9AA8-42C8-A711-97BFF96E4C82}.CD_ROM|Any CPU.Build.0 = Release|Any CPU
		{32074F4C-9AA8-42C8-A711-97BFF96E4C82}.CD_ROM|Mixed Platforms.ActiveCfg = Debug|Any CPU
		{32074F4C-9AA8-42C8-A711-97BFF96E4C82}.CD_ROM|Mixed Platforms.Build.0 = Debug|Any CPU
		{32074F4C-9AA8-42C8-A711-97BFF96E4C82}.CD_ROM|Win32.ActiveCfg = Debug|Any CPU
		{32074F4C-9AA8-42C8-A711-97BFF96E4C82}.CD_ROM|x64.ActiveCfg = Release|Any CPU
		{32074F4C-9AA8-42C8-A711-97BFF96E4C82}.CD_ROM|x86.ActiveCfg = Release|Any CPU
		{32074F4C-9AA8-42C8-A711-97BFF96E4C82}.Debug|Any CPU.ActiveCfg = Debug|Any CPU
		{32074F4C-9AA8-42C8-A711-97BFF96E4C82}.Debug|Any CPU.Build.0 = Debug|Any CPU
		{32074F4C-9AA8-42C8-A711-97BFF96E4C82}.Debug|Mixed Platforms.ActiveCfg = Debug|Any CPU
		{32074F4C-9AA8-42C8-A711-97BFF96E4C82}.Debug|Mixed Platforms.Build.0 = Debug|Any CPU
		{32074F4C-9AA8-42C8-A711-97BFF96E4C82}.Debug|Win32.ActiveCfg = Debug|Any CPU
		{32074F4C-9AA8-42C8-A711-97BFF96E4C82}.Debug|x64.ActiveCfg = Debug|Any CPU
		{32074F4C-9AA8-42C8-A711-97BFF96E4C82}.Debug|x86.ActiveCfg = Debug|Any CPU
		{32074F4C-9AA8-42C8-A711-97BFF96E4C82}.DVD-5|Any CPU.ActiveCfg = Debug|Any CPU
		{32074F4C-9AA8-42C8-A711-97BFF96E4C82}.DVD-5|Any CPU.Build.0 = Debug|Any CPU
		{32074F4C-9AA8-42C8-A711-97BFF96E4C82}.DVD-5|Mixed Platforms.ActiveCfg = Debug|Any CPU
		{32074F4C-9AA8-42C8-A711-97BFF96E4C82}.DVD-5|Mixed Platforms.Build.0 = Debug|Any CPU
		{32074F4C-9AA8-42C8-A711-97BFF96E4C82}.DVD-5|Win32.ActiveCfg = Debug|Any CPU
		{32074F4C-9AA8-42C8-A711-97BFF96E4C82}.DVD-5|x64.ActiveCfg = Debug|Any CPU
		{32074F4C-9AA8-42C8-A711-97BFF96E4C82}.DVD-5|x86.ActiveCfg = Debug|Any CPU
		{32074F4C-9AA8-42C8-A711-97BFF96E4C82}.Release|Any CPU.ActiveCfg = Release|Any CPU
		{32074F4C-9AA8-42C8-A711-97BFF96E4C82}.Release|Any CPU.Build.0 = Release|Any CPU
		{32074F4C-9AA8-42C8-A711-97BFF96E4C82}.Release|Mixed Platforms.ActiveCfg = Release|Any CPU
		{32074F4C-9AA8-42C8-A711-97BFF96E4C82}.Release|Mixed Platforms.Build.0 = Release|Any CPU
		{32074F4C-9AA8-42C8-A711-97BFF96E4C82}.Release|Win32.ActiveCfg = Release|Any CPU
		{32074F4C-9AA8-42C8-A711-97BFF96E4C82}.Release|x64.ActiveCfg = Release|Any CPU
		{32074F4C-9AA8-42C8-A711-97BFF96E4C82}.Release|x86.ActiveCfg = Release|Any CPU
		{32074F4C-9AA8-42C8-A711-97BFF96E4C82}.SingleImage|Any CPU.ActiveCfg = Release|Any CPU
		{32074F4C-9AA8-42C8-A711-97BFF96E4C82}.SingleImage|Any CPU.Build.0 = Release|Any CPU
		{32074F4C-9AA8-42C8-A711-97BFF96E4C82}.SingleImage|Mixed Platforms.ActiveCfg = Debug|Any CPU
		{32074F4C-9AA8-42C8-A711-97BFF96E4C82}.SingleImage|Mixed Platforms.Build.0 = Debug|Any CPU
		{32074F4C-9AA8-42C8-A711-97BFF96E4C82}.SingleImage|Win32.ActiveCfg = Debug|Any CPU
		{32074F4C-9AA8-42C8-A711-97BFF96E4C82}.SingleImage|x64.ActiveCfg = Release|Any CPU
		{32074F4C-9AA8-42C8-A711-97BFF96E4C82}.SingleImage|x86.ActiveCfg = Release|Any CPU
		{82AC5A58-1366-4D4D-A3F3-CA22684B3FC3}.CD_ROM|Any CPU.ActiveCfg = Release|Any CPU
		{82AC5A58-1366-4D4D-A3F3-CA22684B3FC3}.CD_ROM|Any CPU.Build.0 = Release|Any CPU
		{82AC5A58-1366-4D4D-A3F3-CA22684B3FC3}.CD_ROM|Mixed Platforms.ActiveCfg = Debug|Any CPU
		{82AC5A58-1366-4D4D-A3F3-CA22684B3FC3}.CD_ROM|Mixed Platforms.Build.0 = Debug|Any CPU
		{82AC5A58-1366-4D4D-A3F3-CA22684B3FC3}.CD_ROM|Win32.ActiveCfg = Debug|Any CPU
		{82AC5A58-1366-4D4D-A3F3-CA22684B3FC3}.CD_ROM|x64.ActiveCfg = Release|Any CPU
		{82AC5A58-1366-4D4D-A3F3-CA22684B3FC3}.CD_ROM|x86.ActiveCfg = Release|Any CPU
		{82AC5A58-1366-4D4D-A3F3-CA22684B3FC3}.Debug|Any CPU.ActiveCfg = Debug|Any CPU
		{82AC5A58-1366-4D4D-A3F3-CA22684B3FC3}.Debug|Any CPU.Build.0 = Debug|Any CPU
		{82AC5A58-1366-4D4D-A3F3-CA22684B3FC3}.Debug|Mixed Platforms.ActiveCfg = Debug|Any CPU
		{82AC5A58-1366-4D4D-A3F3-CA22684B3FC3}.Debug|Mixed Platforms.Build.0 = Debug|Any CPU
		{82AC5A58-1366-4D4D-A3F3-CA22684B3FC3}.Debug|Win32.ActiveCfg = Debug|Any CPU
		{82AC5A58-1366-4D4D-A3F3-CA22684B3FC3}.Debug|x64.ActiveCfg = Debug|Any CPU
		{82AC5A58-1366-4D4D-A3F3-CA22684B3FC3}.Debug|x86.ActiveCfg = Debug|Any CPU
		{82AC5A58-1366-4D4D-A3F3-CA22684B3FC3}.DVD-5|Any CPU.ActiveCfg = Debug|Any CPU
		{82AC5A58-1366-4D4D-A3F3-CA22684B3FC3}.DVD-5|Any CPU.Build.0 = Debug|Any CPU
		{82AC5A58-1366-4D4D-A3F3-CA22684B3FC3}.DVD-5|Mixed Platforms.ActiveCfg = Debug|Any CPU
		{82AC5A58-1366-4D4D-A3F3-CA22684B3FC3}.DVD-5|Mixed Platforms.Build.0 = Debug|Any CPU
		{82AC5A58-1366-4D4D-A3F3-CA22684B3FC3}.DVD-5|Win32.ActiveCfg = Debug|Any CPU
		{82AC5A58-1366-4D4D-A3F3-CA22684B3FC3}.DVD-5|x64.ActiveCfg = Debug|Any CPU
		{82AC5A58-1366-4D4D-A3F3-CA22684B3FC3}.DVD-5|x86.ActiveCfg = Debug|Any CPU
		{82AC5A58-1366-4D4D-A3F3-CA22684B3FC3}.Release|Any CPU.ActiveCfg = Release|Any CPU
		{82AC5A58-1366-4D4D-A3F3-CA22684B3FC3}.Release|Any CPU.Build.0 = Release|Any CPU
		{82AC5A58-1366-4D4D-A3F3-CA22684B3FC3}.Release|Mixed Platforms.ActiveCfg = Release|Any CPU
		{82AC5A58-1366-4D4D-A3F3-CA22684B3FC3}.Release|Mixed Platforms.Build.0 = Release|Any CPU
		{82AC5A58-1366-4D4D-A3F3-CA22684B3FC3}.Release|Win32.ActiveCfg = Release|Any CPU
		{82AC5A58-1366-4D4D-A3F3-CA22684B3FC3}.Release|x64.ActiveCfg = Release|Any CPU
		{82AC5A58-1366-4D4D-A3F3-CA22684B3FC3}.Release|x86.ActiveCfg = Release|Any CPU
		{82AC5A58-1366-4D4D-A3F3-CA22684B3FC3}.SingleImage|Any CPU.ActiveCfg = Release|Any CPU
		{82AC5A58-1366-4D4D-A3F3-CA22684B3FC3}.SingleImage|Any CPU.Build.0 = Release|Any CPU
		{82AC5A58-1366-4D4D-A3F3-CA22684B3FC3}.SingleImage|Mixed Platforms.ActiveCfg = Debug|Any CPU
		{82AC5A58-1366-4D4D-A3F3-CA22684B3FC3}.SingleImage|Mixed Platforms.Build.0 = Debug|Any CPU
		{82AC5A58-1366-4D4D-A3F3-CA22684B3FC3}.SingleImage|Win32.ActiveCfg = Debug|Any CPU
		{82AC5A58-1366-4D4D-A3F3-CA22684B3FC3}.SingleImage|x64.ActiveCfg = Release|Any CPU
		{82AC5A58-1366-4D4D-A3F3-CA22684B3FC3}.SingleImage|x86.ActiveCfg = Release|Any CPU
		{55D7A6DB-02F3-4193-8BAD-1CABE8A3193F}.CD_ROM|Any CPU.ActiveCfg = CD_ROM
		{55D7A6DB-02F3-4193-8BAD-1CABE8A3193F}.CD_ROM|Any CPU.Build.0 = CD_ROM
		{55D7A6DB-02F3-4193-8BAD-1CABE8A3193F}.CD_ROM|Mixed Platforms.ActiveCfg = CD_ROM
		{55D7A6DB-02F3-4193-8BAD-1CABE8A3193F}.CD_ROM|Mixed Platforms.Build.0 = CD_ROM
		{55D7A6DB-02F3-4193-8BAD-1CABE8A3193F}.CD_ROM|Win32.ActiveCfg = CD_ROM
		{55D7A6DB-02F3-4193-8BAD-1CABE8A3193F}.CD_ROM|Win32.Build.0 = CD_ROM
		{55D7A6DB-02F3-4193-8BAD-1CABE8A3193F}.CD_ROM|x64.ActiveCfg = CD_ROM
		{55D7A6DB-02F3-4193-8BAD-1CABE8A3193F}.CD_ROM|x64.Build.0 = CD_ROM
		{55D7A6DB-02F3-4193-8BAD-1CABE8A3193F}.CD_ROM|x86.ActiveCfg = CD_ROM
		{55D7A6DB-02F3-4193-8BAD-1CABE8A3193F}.CD_ROM|x86.Build.0 = CD_ROM
		{55D7A6DB-02F3-4193-8BAD-1CABE8A3193F}.Debug|Any CPU.ActiveCfg = DVD-5
		{55D7A6DB-02F3-4193-8BAD-1CABE8A3193F}.Debug|Any CPU.Build.0 = DVD-5
		{55D7A6DB-02F3-4193-8BAD-1CABE8A3193F}.Debug|Mixed Platforms.ActiveCfg = DVD-5
		{55D7A6DB-02F3-4193-8BAD-1CABE8A3193F}.Debug|Mixed Platforms.Build.0 = DVD-5
		{55D7A6DB-02F3-4193-8BAD-1CABE8A3193F}.Debug|Win32.ActiveCfg = DVD-5
		{55D7A6DB-02F3-4193-8BAD-1CABE8A3193F}.Debug|Win32.Build.0 = DVD-5
		{55D7A6DB-02F3-4193-8BAD-1CABE8A3193F}.Debug|x64.ActiveCfg = DVD-5
		{55D7A6DB-02F3-4193-8BAD-1CABE8A3193F}.Debug|x64.Build.0 = DVD-5
		{55D7A6DB-02F3-4193-8BAD-1CABE8A3193F}.Debug|x86.ActiveCfg = DVD-5
		{55D7A6DB-02F3-4193-8BAD-1CABE8A3193F}.Debug|x86.Build.0 = DVD-5
		{55D7A6DB-02F3-4193-8BAD-1CABE8A3193F}.DVD-5|Any CPU.ActiveCfg = DVD-5
		{55D7A6DB-02F3-4193-8BAD-1CABE8A3193F}.DVD-5|Any CPU.Build.0 = DVD-5
		{55D7A6DB-02F3-4193-8BAD-1CABE8A3193F}.DVD-5|Mixed Platforms.ActiveCfg = DVD-5
		{55D7A6DB-02F3-4193-8BAD-1CABE8A3193F}.DVD-5|Mixed Platforms.Build.0 = DVD-5
		{55D7A6DB-02F3-4193-8BAD-1CABE8A3193F}.DVD-5|Win32.ActiveCfg = DVD-5
		{55D7A6DB-02F3-4193-8BAD-1CABE8A3193F}.DVD-5|Win32.Build.0 = DVD-5
		{55D7A6DB-02F3-4193-8BAD-1CABE8A3193F}.DVD-5|x64.ActiveCfg = DVD-5
		{55D7A6DB-02F3-4193-8BAD-1CABE8A3193F}.DVD-5|x64.Build.0 = DVD-5
		{55D7A6DB-02F3-4193-8BAD-1CABE8A3193F}.DVD-5|x86.ActiveCfg = DVD-5
		{55D7A6DB-02F3-4193-8BAD-1CABE8A3193F}.DVD-5|x86.Build.0 = DVD-5
		{55D7A6DB-02F3-4193-8BAD-1CABE8A3193F}.Release|Any CPU.ActiveCfg = SingleImage
		{55D7A6DB-02F3-4193-8BAD-1CABE8A3193F}.Release|Any CPU.Build.0 = SingleImage
		{55D7A6DB-02F3-4193-8BAD-1CABE8A3193F}.Release|Mixed Platforms.ActiveCfg = SingleImage
		{55D7A6DB-02F3-4193-8BAD-1CABE8A3193F}.Release|Mixed Platforms.Build.0 = SingleImage
		{55D7A6DB-02F3-4193-8BAD-1CABE8A3193F}.Release|Win32.ActiveCfg = SingleImage
		{55D7A6DB-02F3-4193-8BAD-1CABE8A3193F}.Release|Win32.Build.0 = SingleImage
		{55D7A6DB-02F3-4193-8BAD-1CABE8A3193F}.Release|x64.ActiveCfg = SingleImage
		{55D7A6DB-02F3-4193-8BAD-1CABE8A3193F}.Release|x64.Build.0 = SingleImage
		{55D7A6DB-02F3-4193-8BAD-1CABE8A3193F}.Release|x86.ActiveCfg = SingleImage
		{55D7A6DB-02F3-4193-8BAD-1CABE8A3193F}.Release|x86.Build.0 = SingleImage
		{55D7A6DB-02F3-4193-8BAD-1CABE8A3193F}.SingleImage|Any CPU.ActiveCfg = SingleImage
		{55D7A6DB-02F3-4193-8BAD-1CABE8A3193F}.SingleImage|Any CPU.Build.0 = SingleImage
		{55D7A6DB-02F3-4193-8BAD-1CABE8A3193F}.SingleImage|Mixed Platforms.ActiveCfg = SingleImage
		{55D7A6DB-02F3-4193-8BAD-1CABE8A3193F}.SingleImage|Mixed Platforms.Build.0 = SingleImage
		{55D7A6DB-02F3-4193-8BAD-1CABE8A3193F}.SingleImage|Win32.ActiveCfg = SingleImage
		{55D7A6DB-02F3-4193-8BAD-1CABE8A3193F}.SingleImage|Win32.Build.0 = SingleImage
		{55D7A6DB-02F3-4193-8BAD-1CABE8A3193F}.SingleImage|x64.ActiveCfg = SingleImage
		{55D7A6DB-02F3-4193-8BAD-1CABE8A3193F}.SingleImage|x64.Build.0 = SingleImage
		{55D7A6DB-02F3-4193-8BAD-1CABE8A3193F}.SingleImage|x86.ActiveCfg = SingleImage
		{55D7A6DB-02F3-4193-8BAD-1CABE8A3193F}.SingleImage|x86.Build.0 = SingleImage
		{99D24F84-9972-4FBC-B0F4-D5D4706EBE46}.CD_ROM|Any CPU.ActiveCfg = Release|Any CPU
		{99D24F84-9972-4FBC-B0F4-D5D4706EBE46}.CD_ROM|Any CPU.Build.0 = Release|Any CPU
		{99D24F84-9972-4FBC-B0F4-D5D4706EBE46}.CD_ROM|Mixed Platforms.ActiveCfg = Debug|x86
		{99D24F84-9972-4FBC-B0F4-D5D4706EBE46}.CD_ROM|Mixed Platforms.Build.0 = Debug|x86
		{99D24F84-9972-4FBC-B0F4-D5D4706EBE46}.CD_ROM|Win32.ActiveCfg = Debug|x86
		{99D24F84-9972-4FBC-B0F4-D5D4706EBE46}.CD_ROM|Win32.Build.0 = Debug|x86
		{99D24F84-9972-4FBC-B0F4-D5D4706EBE46}.CD_ROM|x64.ActiveCfg = Release|x64
		{99D24F84-9972-4FBC-B0F4-D5D4706EBE46}.CD_ROM|x64.Build.0 = Release|x64
		{99D24F84-9972-4FBC-B0F4-D5D4706EBE46}.CD_ROM|x86.ActiveCfg = Release|x86
		{99D24F84-9972-4FBC-B0F4-D5D4706EBE46}.CD_ROM|x86.Build.0 = Release|x86
		{99D24F84-9972-4FBC-B0F4-D5D4706EBE46}.Debug|Any CPU.ActiveCfg = Debug|Any CPU
		{99D24F84-9972-4FBC-B0F4-D5D4706EBE46}.Debug|Any CPU.Build.0 = Debug|Any CPU
		{99D24F84-9972-4FBC-B0F4-D5D4706EBE46}.Debug|Mixed Platforms.ActiveCfg = Debug|Any CPU
		{99D24F84-9972-4FBC-B0F4-D5D4706EBE46}.Debug|Mixed Platforms.Build.0 = Debug|Any CPU
		{99D24F84-9972-4FBC-B0F4-D5D4706EBE46}.Debug|Win32.ActiveCfg = Debug|x86
		{99D24F84-9972-4FBC-B0F4-D5D4706EBE46}.Debug|Win32.Build.0 = Debug|x86
		{99D24F84-9972-4FBC-B0F4-D5D4706EBE46}.Debug|x64.ActiveCfg = Debug|x64
		{99D24F84-9972-4FBC-B0F4-D5D4706EBE46}.Debug|x64.Build.0 = Debug|x64
		{99D24F84-9972-4FBC-B0F4-D5D4706EBE46}.Debug|x86.ActiveCfg = Debug|x86
		{99D24F84-9972-4FBC-B0F4-D5D4706EBE46}.Debug|x86.Build.0 = Debug|x86
		{99D24F84-9972-4FBC-B0F4-D5D4706EBE46}.DVD-5|Any CPU.ActiveCfg = Debug|Any CPU
		{99D24F84-9972-4FBC-B0F4-D5D4706EBE46}.DVD-5|Any CPU.Build.0 = Debug|Any CPU
		{99D24F84-9972-4FBC-B0F4-D5D4706EBE46}.DVD-5|Mixed Platforms.ActiveCfg = Debug|x86
		{99D24F84-9972-4FBC-B0F4-D5D4706EBE46}.DVD-5|Mixed Platforms.Build.0 = Debug|x86
		{99D24F84-9972-4FBC-B0F4-D5D4706EBE46}.DVD-5|Win32.ActiveCfg = Debug|x86
		{99D24F84-9972-4FBC-B0F4-D5D4706EBE46}.DVD-5|Win32.Build.0 = Debug|x86
		{99D24F84-9972-4FBC-B0F4-D5D4706EBE46}.DVD-5|x64.ActiveCfg = Debug|x64
		{99D24F84-9972-4FBC-B0F4-D5D4706EBE46}.DVD-5|x64.Build.0 = Debug|x64
		{99D24F84-9972-4FBC-B0F4-D5D4706EBE46}.DVD-5|x86.ActiveCfg = Debug|x86
		{99D24F84-9972-4FBC-B0F4-D5D4706EBE46}.DVD-5|x86.Build.0 = Debug|x86
		{99D24F84-9972-4FBC-B0F4-D5D4706EBE46}.Release|Any CPU.ActiveCfg = Release|Any CPU
		{99D24F84-9972-4FBC-B0F4-D5D4706EBE46}.Release|Any CPU.Build.0 = Release|Any CPU
		{99D24F84-9972-4FBC-B0F4-D5D4706EBE46}.Release|Mixed Platforms.ActiveCfg = Release|x86
		{99D24F84-9972-4FBC-B0F4-D5D4706EBE46}.Release|Mixed Platforms.Build.0 = Release|x86
		{99D24F84-9972-4FBC-B0F4-D5D4706EBE46}.Release|Win32.ActiveCfg = Release|x86
		{99D24F84-9972-4FBC-B0F4-D5D4706EBE46}.Release|Win32.Build.0 = Release|x86
		{99D24F84-9972-4FBC-B0F4-D5D4706EBE46}.Release|x64.ActiveCfg = Release|x64
		{99D24F84-9972-4FBC-B0F4-D5D4706EBE46}.Release|x64.Build.0 = Release|x64
		{99D24F84-9972-4FBC-B0F4-D5D4706EBE46}.Release|x86.ActiveCfg = Release|x86
		{99D24F84-9972-4FBC-B0F4-D5D4706EBE46}.Release|x86.Build.0 = Release|x86
		{99D24F84-9972-4FBC-B0F4-D5D4706EBE46}.SingleImage|Any CPU.ActiveCfg = Release|Any CPU
		{99D24F84-9972-4FBC-B0F4-D5D4706EBE46}.SingleImage|Any CPU.Build.0 = Release|Any CPU
		{99D24F84-9972-4FBC-B0F4-D5D4706EBE46}.SingleImage|Mixed Platforms.ActiveCfg = Debug|x86
		{99D24F84-9972-4FBC-B0F4-D5D4706EBE46}.SingleImage|Mixed Platforms.Build.0 = Debug|x86
		{99D24F84-9972-4FBC-B0F4-D5D4706EBE46}.SingleImage|Win32.ActiveCfg = Debug|x86
		{99D24F84-9972-4FBC-B0F4-D5D4706EBE46}.SingleImage|Win32.Build.0 = Debug|x86
		{99D24F84-9972-4FBC-B0F4-D5D4706EBE46}.SingleImage|x64.ActiveCfg = Release|x64
		{99D24F84-9972-4FBC-B0F4-D5D4706EBE46}.SingleImage|x64.Build.0 = Release|x64
		{99D24F84-9972-4FBC-B0F4-D5D4706EBE46}.SingleImage|x86.ActiveCfg = Release|x86
		{99D24F84-9972-4FBC-B0F4-D5D4706EBE46}.SingleImage|x86.Build.0 = Release|x86
		{A482E44A-82E8-4CBF-9624-A8293BC2B437}.CD_ROM|Any CPU.ActiveCfg = Release|Any CPU
		{A482E44A-82E8-4CBF-9624-A8293BC2B437}.CD_ROM|Any CPU.Build.0 = Release|Any CPU
		{A482E44A-82E8-4CBF-9624-A8293BC2B437}.CD_ROM|Mixed Platforms.ActiveCfg = Debug|Any CPU
		{A482E44A-82E8-4CBF-9624-A8293BC2B437}.CD_ROM|Mixed Platforms.Build.0 = Debug|Any CPU
		{A482E44A-82E8-4CBF-9624-A8293BC2B437}.CD_ROM|Win32.ActiveCfg = Debug|Any CPU
		{A482E44A-82E8-4CBF-9624-A8293BC2B437}.CD_ROM|x64.ActiveCfg = Release|Any CPU
		{A482E44A-82E8-4CBF-9624-A8293BC2B437}.CD_ROM|x86.ActiveCfg = Release|Any CPU
		{A482E44A-82E8-4CBF-9624-A8293BC2B437}.Debug|Any CPU.ActiveCfg = Debug|Any CPU
		{A482E44A-82E8-4CBF-9624-A8293BC2B437}.Debug|Any CPU.Build.0 = Debug|Any CPU
		{A482E44A-82E8-4CBF-9624-A8293BC2B437}.Debug|Mixed Platforms.ActiveCfg = Debug|Any CPU
		{A482E44A-82E8-4CBF-9624-A8293BC2B437}.Debug|Mixed Platforms.Build.0 = Debug|Any CPU
		{A482E44A-82E8-4CBF-9624-A8293BC2B437}.Debug|Win32.ActiveCfg = Debug|Any CPU
		{A482E44A-82E8-4CBF-9624-A8293BC2B437}.Debug|x64.ActiveCfg = Debug|Any CPU
		{A482E44A-82E8-4CBF-9624-A8293BC2B437}.Debug|x86.ActiveCfg = Debug|Any CPU
		{A482E44A-82E8-4CBF-9624-A8293BC2B437}.DVD-5|Any CPU.ActiveCfg = Debug|Any CPU
		{A482E44A-82E8-4CBF-9624-A8293BC2B437}.DVD-5|Any CPU.Build.0 = Debug|Any CPU
		{A482E44A-82E8-4CBF-9624-A8293BC2B437}.DVD-5|Mixed Platforms.ActiveCfg = Debug|Any CPU
		{A482E44A-82E8-4CBF-9624-A8293BC2B437}.DVD-5|Mixed Platforms.Build.0 = Debug|Any CPU
		{A482E44A-82E8-4CBF-9624-A8293BC2B437}.DVD-5|Win32.ActiveCfg = Debug|Any CPU
		{A482E44A-82E8-4CBF-9624-A8293BC2B437}.DVD-5|x64.ActiveCfg = Debug|Any CPU
		{A482E44A-82E8-4CBF-9624-A8293BC2B437}.DVD-5|x86.ActiveCfg = Debug|Any CPU
		{A482E44A-82E8-4CBF-9624-A8293BC2B437}.Release|Any CPU.ActiveCfg = Release|Any CPU
		{A482E44A-82E8-4CBF-9624-A8293BC2B437}.Release|Any CPU.Build.0 = Release|Any CPU
		{A482E44A-82E8-4CBF-9624-A8293BC2B437}.Release|Mixed Platforms.ActiveCfg = Release|Any CPU
		{A482E44A-82E8-4CBF-9624-A8293BC2B437}.Release|Mixed Platforms.Build.0 = Release|Any CPU
		{A482E44A-82E8-4CBF-9624-A8293BC2B437}.Release|Win32.ActiveCfg = Release|Any CPU
		{A482E44A-82E8-4CBF-9624-A8293BC2B437}.Release|x64.ActiveCfg = Release|Any CPU
		{A482E44A-82E8-4CBF-9624-A8293BC2B437}.Release|x86.ActiveCfg = Release|Any CPU
		{A482E44A-82E8-4CBF-9624-A8293BC2B437}.SingleImage|Any CPU.ActiveCfg = Release|Any CPU
		{A482E44A-82E8-4CBF-9624-A8293BC2B437}.SingleImage|Any CPU.Build.0 = Release|Any CPU
		{A482E44A-82E8-4CBF-9624-A8293BC2B437}.SingleImage|Mixed Platforms.ActiveCfg = Debug|Any CPU
		{A482E44A-82E8-4CBF-9624-A8293BC2B437}.SingleImage|Mixed Platforms.Build.0 = Debug|Any CPU
		{A482E44A-82E8-4CBF-9624-A8293BC2B437}.SingleImage|Win32.ActiveCfg = Debug|Any CPU
		{A482E44A-82E8-4CBF-9624-A8293BC2B437}.SingleImage|x64.ActiveCfg = Release|Any CPU
		{A482E44A-82E8-4CBF-9624-A8293BC2B437}.SingleImage|x86.ActiveCfg = Release|Any CPU
		{FD491976-C9CA-4A1B-ACF5-9C6420B00EF7}.CD_ROM|Any CPU.ActiveCfg = Release|Any CPU
		{FD491976-C9CA-4A1B-ACF5-9C6420B00EF7}.CD_ROM|Any CPU.Build.0 = Release|Any CPU
		{FD491976-C9CA-4A1B-ACF5-9C6420B00EF7}.CD_ROM|Mixed Platforms.ActiveCfg = Debug|Any CPU
		{FD491976-C9CA-4A1B-ACF5-9C6420B00EF7}.CD_ROM|Mixed Platforms.Build.0 = Debug|Any CPU
		{FD491976-C9CA-4A1B-ACF5-9C6420B00EF7}.CD_ROM|Win32.ActiveCfg = Debug|Any CPU
		{FD491976-C9CA-4A1B-ACF5-9C6420B00EF7}.CD_ROM|x64.ActiveCfg = Release|Any CPU
		{FD491976-C9CA-4A1B-ACF5-9C6420B00EF7}.CD_ROM|x86.ActiveCfg = Release|Any CPU
		{FD491976-C9CA-4A1B-ACF5-9C6420B00EF7}.Debug|Any CPU.ActiveCfg = Debug|Any CPU
		{FD491976-C9CA-4A1B-ACF5-9C6420B00EF7}.Debug|Any CPU.Build.0 = Debug|Any CPU
		{FD491976-C9CA-4A1B-ACF5-9C6420B00EF7}.Debug|Mixed Platforms.ActiveCfg = Debug|Any CPU
		{FD491976-C9CA-4A1B-ACF5-9C6420B00EF7}.Debug|Mixed Platforms.Build.0 = Debug|Any CPU
		{FD491976-C9CA-4A1B-ACF5-9C6420B00EF7}.Debug|Win32.ActiveCfg = Debug|Any CPU
		{FD491976-C9CA-4A1B-ACF5-9C6420B00EF7}.Debug|x64.ActiveCfg = Debug|Any CPU
		{FD491976-C9CA-4A1B-ACF5-9C6420B00EF7}.Debug|x86.ActiveCfg = Debug|Any CPU
		{FD491976-C9CA-4A1B-ACF5-9C6420B00EF7}.DVD-5|Any CPU.ActiveCfg = Debug|Any CPU
		{FD491976-C9CA-4A1B-ACF5-9C6420B00EF7}.DVD-5|Any CPU.Build.0 = Debug|Any CPU
		{FD491976-C9CA-4A1B-ACF5-9C6420B00EF7}.DVD-5|Mixed Platforms.ActiveCfg = Debug|Any CPU
		{FD491976-C9CA-4A1B-ACF5-9C6420B00EF7}.DVD-5|Mixed Platforms.Build.0 = Debug|Any CPU
		{FD491976-C9CA-4A1B-ACF5-9C6420B00EF7}.DVD-5|Win32.ActiveCfg = Debug|Any CPU
		{FD491976-C9CA-4A1B-ACF5-9C6420B00EF7}.DVD-5|x64.ActiveCfg = Debug|Any CPU
		{FD491976-C9CA-4A1B-ACF5-9C6420B00EF7}.DVD-5|x86.ActiveCfg = Debug|Any CPU
		{FD491976-C9CA-4A1B-ACF5-9C6420B00EF7}.Release|Any CPU.ActiveCfg = Release|Any CPU
		{FD491976-C9CA-4A1B-ACF5-9C6420B00EF7}.Release|Any CPU.Build.0 = Release|Any CPU
		{FD491976-C9CA-4A1B-ACF5-9C6420B00EF7}.Release|Mixed Platforms.ActiveCfg = Release|Any CPU
		{FD491976-C9CA-4A1B-ACF5-9C6420B00EF7}.Release|Mixed Platforms.Build.0 = Release|Any CPU
		{FD491976-C9CA-4A1B-ACF5-9C6420B00EF7}.Release|Win32.ActiveCfg = Release|Any CPU
		{FD491976-C9CA-4A1B-ACF5-9C6420B00EF7}.Release|x64.ActiveCfg = Release|Any CPU
		{FD491976-C9CA-4A1B-ACF5-9C6420B00EF7}.Release|x86.ActiveCfg = Release|Any CPU
		{FD491976-C9CA-4A1B-ACF5-9C6420B00EF7}.SingleImage|Any CPU.ActiveCfg = Release|Any CPU
		{FD491976-C9CA-4A1B-ACF5-9C6420B00EF7}.SingleImage|Any CPU.Build.0 = Release|Any CPU
		{FD491976-C9CA-4A1B-ACF5-9C6420B00EF7}.SingleImage|Mixed Platforms.ActiveCfg = Debug|Any CPU
		{FD491976-C9CA-4A1B-ACF5-9C6420B00EF7}.SingleImage|Mixed Platforms.Build.0 = Debug|Any CPU
		{FD491976-C9CA-4A1B-ACF5-9C6420B00EF7}.SingleImage|Win32.ActiveCfg = Debug|Any CPU
		{FD491976-C9CA-4A1B-ACF5-9C6420B00EF7}.SingleImage|x64.ActiveCfg = Release|Any CPU
		{FD491976-C9CA-4A1B-ACF5-9C6420B00EF7}.SingleImage|x86.ActiveCfg = Release|Any CPU
		{0269369A-3B11-4310-B8B2-C9834EB87804}.CD_ROM|Any CPU.ActiveCfg = CD_ROM
		{0269369A-3B11-4310-B8B2-C9834EB87804}.CD_ROM|Any CPU.Build.0 = CD_ROM
		{0269369A-3B11-4310-B8B2-C9834EB87804}.CD_ROM|Mixed Platforms.ActiveCfg = CD_ROM
		{0269369A-3B11-4310-B8B2-C9834EB87804}.CD_ROM|Mixed Platforms.Build.0 = CD_ROM
		{0269369A-3B11-4310-B8B2-C9834EB87804}.CD_ROM|Win32.ActiveCfg = CD_ROM
		{0269369A-3B11-4310-B8B2-C9834EB87804}.CD_ROM|Win32.Build.0 = CD_ROM
		{0269369A-3B11-4310-B8B2-C9834EB87804}.CD_ROM|x64.ActiveCfg = CD_ROM
		{0269369A-3B11-4310-B8B2-C9834EB87804}.CD_ROM|x64.Build.0 = CD_ROM
		{0269369A-3B11-4310-B8B2-C9834EB87804}.CD_ROM|x86.ActiveCfg = CD_ROM
		{0269369A-3B11-4310-B8B2-C9834EB87804}.CD_ROM|x86.Build.0 = CD_ROM
		{0269369A-3B11-4310-B8B2-C9834EB87804}.Debug|Any CPU.ActiveCfg = DVD-5
		{0269369A-3B11-4310-B8B2-C9834EB87804}.Debug|Any CPU.Build.0 = DVD-5
		{0269369A-3B11-4310-B8B2-C9834EB87804}.Debug|Mixed Platforms.ActiveCfg = DVD-5
		{0269369A-3B11-4310-B8B2-C9834EB87804}.Debug|Mixed Platforms.Build.0 = DVD-5
		{0269369A-3B11-4310-B8B2-C9834EB87804}.Debug|Win32.ActiveCfg = DVD-5
		{0269369A-3B11-4310-B8B2-C9834EB87804}.Debug|Win32.Build.0 = DVD-5
		{0269369A-3B11-4310-B8B2-C9834EB87804}.Debug|x64.ActiveCfg = DVD-5
		{0269369A-3B11-4310-B8B2-C9834EB87804}.Debug|x64.Build.0 = DVD-5
		{0269369A-3B11-4310-B8B2-C9834EB87804}.Debug|x86.ActiveCfg = DVD-5
		{0269369A-3B11-4310-B8B2-C9834EB87804}.Debug|x86.Build.0 = DVD-5
		{0269369A-3B11-4310-B8B2-C9834EB87804}.DVD-5|Any CPU.ActiveCfg = DVD-5
		{0269369A-3B11-4310-B8B2-C9834EB87804}.DVD-5|Any CPU.Build.0 = DVD-5
		{0269369A-3B11-4310-B8B2-C9834EB87804}.DVD-5|Mixed Platforms.ActiveCfg = DVD-5
		{0269369A-3B11-4310-B8B2-C9834EB87804}.DVD-5|Mixed Platforms.Build.0 = DVD-5
		{0269369A-3B11-4310-B8B2-C9834EB87804}.DVD-5|Win32.ActiveCfg = DVD-5
		{0269369A-3B11-4310-B8B2-C9834EB87804}.DVD-5|Win32.Build.0 = DVD-5
		{0269369A-3B11-4310-B8B2-C9834EB87804}.DVD-5|x64.ActiveCfg = DVD-5
		{0269369A-3B11-4310-B8B2-C9834EB87804}.DVD-5|x64.Build.0 = DVD-5
		{0269369A-3B11-4310-B8B2-C9834EB87804}.DVD-5|x86.ActiveCfg = DVD-5
		{0269369A-3B11-4310-B8B2-C9834EB87804}.DVD-5|x86.Build.0 = DVD-5
		{0269369A-3B11-4310-B8B2-C9834EB87804}.Release|Any CPU.ActiveCfg = SingleImage
		{0269369A-3B11-4310-B8B2-C9834EB87804}.Release|Any CPU.Build.0 = SingleImage
		{0269369A-3B11-4310-B8B2-C9834EB87804}.Release|Mixed Platforms.ActiveCfg = SingleImage
		{0269369A-3B11-4310-B8B2-C9834EB87804}.Release|Mixed Platforms.Build.0 = SingleImage
		{0269369A-3B11-4310-B8B2-C9834EB87804}.Release|Win32.ActiveCfg = SingleImage
		{0269369A-3B11-4310-B8B2-C9834EB87804}.Release|Win32.Build.0 = SingleImage
		{0269369A-3B11-4310-B8B2-C9834EB87804}.Release|x64.ActiveCfg = SingleImage
		{0269369A-3B11-4310-B8B2-C9834EB87804}.Release|x64.Build.0 = SingleImage
		{0269369A-3B11-4310-B8B2-C9834EB87804}.Release|x86.ActiveCfg = SingleImage
		{0269369A-3B11-4310-B8B2-C9834EB87804}.Release|x86.Build.0 = SingleImage
		{0269369A-3B11-4310-B8B2-C9834EB87804}.SingleImage|Any CPU.ActiveCfg = SingleImage
		{0269369A-3B11-4310-B8B2-C9834EB87804}.SingleImage|Any CPU.Build.0 = SingleImage
		{0269369A-3B11-4310-B8B2-C9834EB87804}.SingleImage|Mixed Platforms.ActiveCfg = SingleImage
		{0269369A-3B11-4310-B8B2-C9834EB87804}.SingleImage|Mixed Platforms.Build.0 = SingleImage
		{0269369A-3B11-4310-B8B2-C9834EB87804}.SingleImage|Win32.ActiveCfg = SingleImage
		{0269369A-3B11-4310-B8B2-C9834EB87804}.SingleImage|Win32.Build.0 = SingleImage
		{0269369A-3B11-4310-B8B2-C9834EB87804}.SingleImage|x64.ActiveCfg = SingleImage
		{0269369A-3B11-4310-B8B2-C9834EB87804}.SingleImage|x64.Build.0 = SingleImage
		{0269369A-3B11-4310-B8B2-C9834EB87804}.SingleImage|x86.ActiveCfg = SingleImage
		{0269369A-3B11-4310-B8B2-C9834EB87804}.SingleImage|x86.Build.0 = SingleImage
		{17EDFA86-ACD5-4CE7-AAEA-9334CC288780}.CD_ROM|Any CPU.ActiveCfg = Release|Any CPU
		{17EDFA86-ACD5-4CE7-AAEA-9334CC288780}.CD_ROM|Any CPU.Build.0 = Release|Any CPU
		{17EDFA86-ACD5-4CE7-AAEA-9334CC288780}.CD_ROM|Mixed Platforms.ActiveCfg = Debug|Any CPU
		{17EDFA86-ACD5-4CE7-AAEA-9334CC288780}.CD_ROM|Mixed Platforms.Build.0 = Debug|Any CPU
		{17EDFA86-ACD5-4CE7-AAEA-9334CC288780}.CD_ROM|Win32.ActiveCfg = Debug|Any CPU
		{17EDFA86-ACD5-4CE7-AAEA-9334CC288780}.CD_ROM|x64.ActiveCfg = Release|Any CPU
		{17EDFA86-ACD5-4CE7-AAEA-9334CC288780}.CD_ROM|x86.ActiveCfg = Release|Any CPU
		{17EDFA86-ACD5-4CE7-AAEA-9334CC288780}.Debug|Any CPU.ActiveCfg = Debug|Any CPU
		{17EDFA86-ACD5-4CE7-AAEA-9334CC288780}.Debug|Any CPU.Build.0 = Debug|Any CPU
		{17EDFA86-ACD5-4CE7-AAEA-9334CC288780}.Debug|Mixed Platforms.ActiveCfg = Debug|Any CPU
		{17EDFA86-ACD5-4CE7-AAEA-9334CC288780}.Debug|Mixed Platforms.Build.0 = Debug|Any CPU
		{17EDFA86-ACD5-4CE7-AAEA-9334CC288780}.Debug|Win32.ActiveCfg = Debug|Any CPU
		{17EDFA86-ACD5-4CE7-AAEA-9334CC288780}.Debug|x64.ActiveCfg = Debug|Any CPU
		{17EDFA86-ACD5-4CE7-AAEA-9334CC288780}.Debug|x86.ActiveCfg = Debug|Any CPU
		{17EDFA86-ACD5-4CE7-AAEA-9334CC288780}.DVD-5|Any CPU.ActiveCfg = Debug|Any CPU
		{17EDFA86-ACD5-4CE7-AAEA-9334CC288780}.DVD-5|Any CPU.Build.0 = Debug|Any CPU
		{17EDFA86-ACD5-4CE7-AAEA-9334CC288780}.DVD-5|Mixed Platforms.ActiveCfg = Debug|Any CPU
		{17EDFA86-ACD5-4CE7-AAEA-9334CC288780}.DVD-5|Mixed Platforms.Build.0 = Debug|Any CPU
		{17EDFA86-ACD5-4CE7-AAEA-9334CC288780}.DVD-5|Win32.ActiveCfg = Debug|Any CPU
		{17EDFA86-ACD5-4CE7-AAEA-9334CC288780}.DVD-5|x64.ActiveCfg = Debug|Any CPU
		{17EDFA86-ACD5-4CE7-AAEA-9334CC288780}.DVD-5|x86.ActiveCfg = Debug|Any CPU
		{17EDFA86-ACD5-4CE7-AAEA-9334CC288780}.Release|Any CPU.ActiveCfg = Release|Any CPU
		{17EDFA86-ACD5-4CE7-AAEA-9334CC288780}.Release|Any CPU.Build.0 = Release|Any CPU
		{17EDFA86-ACD5-4CE7-AAEA-9334CC288780}.Release|Mixed Platforms.ActiveCfg = Release|Any CPU
		{17EDFA86-ACD5-4CE7-AAEA-9334CC288780}.Release|Mixed Platforms.Build.0 = Release|Any CPU
		{17EDFA86-ACD5-4CE7-AAEA-9334CC288780}.Release|Win32.ActiveCfg = Release|Any CPU
		{17EDFA86-ACD5-4CE7-AAEA-9334CC288780}.Release|x64.ActiveCfg = Release|Any CPU
		{17EDFA86-ACD5-4CE7-AAEA-9334CC288780}.Release|x86.ActiveCfg = Release|Any CPU
		{17EDFA86-ACD5-4CE7-AAEA-9334CC288780}.SingleImage|Any CPU.ActiveCfg = Release|Any CPU
		{17EDFA86-ACD5-4CE7-AAEA-9334CC288780}.SingleImage|Any CPU.Build.0 = Release|Any CPU
		{17EDFA86-ACD5-4CE7-AAEA-9334CC288780}.SingleImage|Mixed Platforms.ActiveCfg = Debug|Any CPU
		{17EDFA86-ACD5-4CE7-AAEA-9334CC288780}.SingleImage|Mixed Platforms.Build.0 = Debug|Any CPU
		{17EDFA86-ACD5-4CE7-AAEA-9334CC288780}.SingleImage|Win32.ActiveCfg = Debug|Any CPU
		{17EDFA86-ACD5-4CE7-AAEA-9334CC288780}.SingleImage|x64.ActiveCfg = Release|Any CPU
		{17EDFA86-ACD5-4CE7-AAEA-9334CC288780}.SingleImage|x86.ActiveCfg = Release|Any CPU
		{64F7937B-B9A1-4966-8541-48E26842B6E2}.CD_ROM|Any CPU.ActiveCfg = CD_ROM
		{64F7937B-B9A1-4966-8541-48E26842B6E2}.CD_ROM|Any CPU.Build.0 = CD_ROM
		{64F7937B-B9A1-4966-8541-48E26842B6E2}.CD_ROM|Mixed Platforms.ActiveCfg = CD_ROM
		{64F7937B-B9A1-4966-8541-48E26842B6E2}.CD_ROM|Mixed Platforms.Build.0 = CD_ROM
		{64F7937B-B9A1-4966-8541-48E26842B6E2}.CD_ROM|Win32.ActiveCfg = CD_ROM
		{64F7937B-B9A1-4966-8541-48E26842B6E2}.CD_ROM|Win32.Build.0 = CD_ROM
		{64F7937B-B9A1-4966-8541-48E26842B6E2}.CD_ROM|x64.ActiveCfg = CD_ROM
		{64F7937B-B9A1-4966-8541-48E26842B6E2}.CD_ROM|x64.Build.0 = CD_ROM
		{64F7937B-B9A1-4966-8541-48E26842B6E2}.CD_ROM|x86.ActiveCfg = CD_ROM
		{64F7937B-B9A1-4966-8541-48E26842B6E2}.CD_ROM|x86.Build.0 = CD_ROM
		{64F7937B-B9A1-4966-8541-48E26842B6E2}.Debug|Any CPU.ActiveCfg = DVD-5
		{64F7937B-B9A1-4966-8541-48E26842B6E2}.Debug|Any CPU.Build.0 = DVD-5
		{64F7937B-B9A1-4966-8541-48E26842B6E2}.Debug|Mixed Platforms.ActiveCfg = DVD-5
		{64F7937B-B9A1-4966-8541-48E26842B6E2}.Debug|Mixed Platforms.Build.0 = DVD-5
		{64F7937B-B9A1-4966-8541-48E26842B6E2}.Debug|Win32.ActiveCfg = DVD-5
		{64F7937B-B9A1-4966-8541-48E26842B6E2}.Debug|Win32.Build.0 = DVD-5
		{64F7937B-B9A1-4966-8541-48E26842B6E2}.Debug|x64.ActiveCfg = DVD-5
		{64F7937B-B9A1-4966-8541-48E26842B6E2}.Debug|x64.Build.0 = DVD-5
		{64F7937B-B9A1-4966-8541-48E26842B6E2}.Debug|x86.ActiveCfg = DVD-5
		{64F7937B-B9A1-4966-8541-48E26842B6E2}.Debug|x86.Build.0 = DVD-5
		{64F7937B-B9A1-4966-8541-48E26842B6E2}.DVD-5|Any CPU.ActiveCfg = DVD-5
		{64F7937B-B9A1-4966-8541-48E26842B6E2}.DVD-5|Any CPU.Build.0 = DVD-5
		{64F7937B-B9A1-4966-8541-48E26842B6E2}.DVD-5|Mixed Platforms.ActiveCfg = DVD-5
		{64F7937B-B9A1-4966-8541-48E26842B6E2}.DVD-5|Mixed Platforms.Build.0 = DVD-5
		{64F7937B-B9A1-4966-8541-48E26842B6E2}.DVD-5|Win32.ActiveCfg = DVD-5
		{64F7937B-B9A1-4966-8541-48E26842B6E2}.DVD-5|Win32.Build.0 = DVD-5
		{64F7937B-B9A1-4966-8541-48E26842B6E2}.DVD-5|x64.ActiveCfg = DVD-5
		{64F7937B-B9A1-4966-8541-48E26842B6E2}.DVD-5|x64.Build.0 = DVD-5
		{64F7937B-B9A1-4966-8541-48E26842B6E2}.DVD-5|x86.ActiveCfg = DVD-5
		{64F7937B-B9A1-4966-8541-48E26842B6E2}.DVD-5|x86.Build.0 = DVD-5
		{64F7937B-B9A1-4966-8541-48E26842B6E2}.Release|Any CPU.ActiveCfg = SingleImage
		{64F7937B-B9A1-4966-8541-48E26842B6E2}.Release|Any CPU.Build.0 = SingleImage
		{64F7937B-B9A1-4966-8541-48E26842B6E2}.Release|Mixed Platforms.ActiveCfg = SingleImage
		{64F7937B-B9A1-4966-8541-48E26842B6E2}.Release|Mixed Platforms.Build.0 = SingleImage
		{64F7937B-B9A1-4966-8541-48E26842B6E2}.Release|Win32.ActiveCfg = SingleImage
		{64F7937B-B9A1-4966-8541-48E26842B6E2}.Release|Win32.Build.0 = SingleImage
		{64F7937B-B9A1-4966-8541-48E26842B6E2}.Release|x64.ActiveCfg = SingleImage
		{64F7937B-B9A1-4966-8541-48E26842B6E2}.Release|x64.Build.0 = SingleImage
		{64F7937B-B9A1-4966-8541-48E26842B6E2}.Release|x86.ActiveCfg = SingleImage
		{64F7937B-B9A1-4966-8541-48E26842B6E2}.Release|x86.Build.0 = SingleImage
		{64F7937B-B9A1-4966-8541-48E26842B6E2}.SingleImage|Any CPU.ActiveCfg = SingleImage
		{64F7937B-B9A1-4966-8541-48E26842B6E2}.SingleImage|Any CPU.Build.0 = SingleImage
		{64F7937B-B9A1-4966-8541-48E26842B6E2}.SingleImage|Mixed Platforms.ActiveCfg = SingleImage
		{64F7937B-B9A1-4966-8541-48E26842B6E2}.SingleImage|Mixed Platforms.Build.0 = SingleImage
		{64F7937B-B9A1-4966-8541-48E26842B6E2}.SingleImage|Win32.ActiveCfg = SingleImage
		{64F7937B-B9A1-4966-8541-48E26842B6E2}.SingleImage|Win32.Build.0 = SingleImage
		{64F7937B-B9A1-4966-8541-48E26842B6E2}.SingleImage|x64.ActiveCfg = SingleImage
		{64F7937B-B9A1-4966-8541-48E26842B6E2}.SingleImage|x64.Build.0 = SingleImage
		{64F7937B-B9A1-4966-8541-48E26842B6E2}.SingleImage|x86.ActiveCfg = SingleImage
		{64F7937B-B9A1-4966-8541-48E26842B6E2}.SingleImage|x86.Build.0 = SingleImage
		{ED6A7753-3199-4717-B270-B705CF1B223A}.CD_ROM|Any CPU.ActiveCfg = Release|Any CPU
		{ED6A7753-3199-4717-B270-B705CF1B223A}.CD_ROM|Any CPU.Build.0 = Release|Any CPU
		{ED6A7753-3199-4717-B270-B705CF1B223A}.CD_ROM|Mixed Platforms.ActiveCfg = Debug|Any CPU
		{ED6A7753-3199-4717-B270-B705CF1B223A}.CD_ROM|Mixed Platforms.Build.0 = Debug|Any CPU
		{ED6A7753-3199-4717-B270-B705CF1B223A}.CD_ROM|Win32.ActiveCfg = Debug|Any CPU
		{ED6A7753-3199-4717-B270-B705CF1B223A}.CD_ROM|x64.ActiveCfg = Release|Any CPU
		{ED6A7753-3199-4717-B270-B705CF1B223A}.CD_ROM|x86.ActiveCfg = Release|Any CPU
		{ED6A7753-3199-4717-B270-B705CF1B223A}.Debug|Any CPU.ActiveCfg = Debug|Any CPU
		{ED6A7753-3199-4717-B270-B705CF1B223A}.Debug|Any CPU.Build.0 = Debug|Any CPU
		{ED6A7753-3199-4717-B270-B705CF1B223A}.Debug|Mixed Platforms.ActiveCfg = Debug|Any CPU
		{ED6A7753-3199-4717-B270-B705CF1B223A}.Debug|Mixed Platforms.Build.0 = Debug|Any CPU
		{ED6A7753-3199-4717-B270-B705CF1B223A}.Debug|Mixed Platforms.Deploy.0 = Debug|Any CPU
		{ED6A7753-3199-4717-B270-B705CF1B223A}.Debug|Win32.ActiveCfg = Debug|Any CPU
		{ED6A7753-3199-4717-B270-B705CF1B223A}.Debug|x64.ActiveCfg = Debug|Any CPU
		{ED6A7753-3199-4717-B270-B705CF1B223A}.Debug|x86.ActiveCfg = Debug|Any CPU
		{ED6A7753-3199-4717-B270-B705CF1B223A}.DVD-5|Any CPU.ActiveCfg = Debug|Any CPU
		{ED6A7753-3199-4717-B270-B705CF1B223A}.DVD-5|Any CPU.Build.0 = Debug|Any CPU
		{ED6A7753-3199-4717-B270-B705CF1B223A}.DVD-5|Mixed Platforms.ActiveCfg = Debug|Any CPU
		{ED6A7753-3199-4717-B270-B705CF1B223A}.DVD-5|Mixed Platforms.Build.0 = Debug|Any CPU
		{ED6A7753-3199-4717-B270-B705CF1B223A}.DVD-5|Win32.ActiveCfg = Debug|Any CPU
		{ED6A7753-3199-4717-B270-B705CF1B223A}.DVD-5|x64.ActiveCfg = Debug|Any CPU
		{ED6A7753-3199-4717-B270-B705CF1B223A}.DVD-5|x86.ActiveCfg = Debug|Any CPU
		{ED6A7753-3199-4717-B270-B705CF1B223A}.Release|Any CPU.ActiveCfg = Release|Any CPU
		{ED6A7753-3199-4717-B270-B705CF1B223A}.Release|Any CPU.Build.0 = Release|Any CPU
		{ED6A7753-3199-4717-B270-B705CF1B223A}.Release|Mixed Platforms.ActiveCfg = Release|Any CPU
		{ED6A7753-3199-4717-B270-B705CF1B223A}.Release|Mixed Platforms.Build.0 = Release|Any CPU
		{ED6A7753-3199-4717-B270-B705CF1B223A}.Release|Win32.ActiveCfg = Release|Any CPU
		{ED6A7753-3199-4717-B270-B705CF1B223A}.Release|x64.ActiveCfg = Release|Any CPU
		{ED6A7753-3199-4717-B270-B705CF1B223A}.Release|x86.ActiveCfg = Release|Any CPU
		{ED6A7753-3199-4717-B270-B705CF1B223A}.SingleImage|Any CPU.ActiveCfg = Release|Any CPU
		{ED6A7753-3199-4717-B270-B705CF1B223A}.SingleImage|Any CPU.Build.0 = Release|Any CPU
		{ED6A7753-3199-4717-B270-B705CF1B223A}.SingleImage|Mixed Platforms.ActiveCfg = Debug|Any CPU
		{ED6A7753-3199-4717-B270-B705CF1B223A}.SingleImage|Mixed Platforms.Build.0 = Debug|Any CPU
		{ED6A7753-3199-4717-B270-B705CF1B223A}.SingleImage|Win32.ActiveCfg = Debug|Any CPU
		{ED6A7753-3199-4717-B270-B705CF1B223A}.SingleImage|x64.ActiveCfg = Release|Any CPU
		{ED6A7753-3199-4717-B270-B705CF1B223A}.SingleImage|x86.ActiveCfg = Release|Any CPU
		{56DC0AC4-5220-469A-BBA5-3B6AD4935830}.CD_ROM|Any CPU.ActiveCfg = Release|Any CPU
		{56DC0AC4-5220-469A-BBA5-3B6AD4935830}.CD_ROM|Any CPU.Build.0 = Release|Any CPU
		{56DC0AC4-5220-469A-BBA5-3B6AD4935830}.CD_ROM|Mixed Platforms.ActiveCfg = Debug|Any CPU
		{56DC0AC4-5220-469A-BBA5-3B6AD4935830}.CD_ROM|Mixed Platforms.Build.0 = Debug|Any CPU
		{56DC0AC4-5220-469A-BBA5-3B6AD4935830}.CD_ROM|Win32.ActiveCfg = Debug|Any CPU
		{56DC0AC4-5220-469A-BBA5-3B6AD4935830}.CD_ROM|x64.ActiveCfg = Release|Any CPU
		{56DC0AC4-5220-469A-BBA5-3B6AD4935830}.CD_ROM|x86.ActiveCfg = Release|Any CPU
		{56DC0AC4-5220-469A-BBA5-3B6AD4935830}.Debug|Any CPU.ActiveCfg = Debug|Any CPU
		{56DC0AC4-5220-469A-BBA5-3B6AD4935830}.Debug|Any CPU.Build.0 = Debug|Any CPU
		{56DC0AC4-5220-469A-BBA5-3B6AD4935830}.Debug|Mixed Platforms.ActiveCfg = Debug|Any CPU
		{56DC0AC4-5220-469A-BBA5-3B6AD4935830}.Debug|Mixed Platforms.Build.0 = Debug|Any CPU
		{56DC0AC4-5220-469A-BBA5-3B6AD4935830}.Debug|Win32.ActiveCfg = Debug|Any CPU
		{56DC0AC4-5220-469A-BBA5-3B6AD4935830}.Debug|x64.ActiveCfg = Debug|Any CPU
		{56DC0AC4-5220-469A-BBA5-3B6AD4935830}.Debug|x86.ActiveCfg = Debug|Any CPU
		{56DC0AC4-5220-469A-BBA5-3B6AD4935830}.DVD-5|Any CPU.ActiveCfg = Debug|Any CPU
		{56DC0AC4-5220-469A-BBA5-3B6AD4935830}.DVD-5|Any CPU.Build.0 = Debug|Any CPU
		{56DC0AC4-5220-469A-BBA5-3B6AD4935830}.DVD-5|Mixed Platforms.ActiveCfg = Debug|Any CPU
		{56DC0AC4-5220-469A-BBA5-3B6AD4935830}.DVD-5|Mixed Platforms.Build.0 = Debug|Any CPU
		{56DC0AC4-5220-469A-BBA5-3B6AD4935830}.DVD-5|Win32.ActiveCfg = Debug|Any CPU
		{56DC0AC4-5220-469A-BBA5-3B6AD4935830}.DVD-5|x64.ActiveCfg = Debug|Any CPU
		{56DC0AC4-5220-469A-BBA5-3B6AD4935830}.DVD-5|x86.ActiveCfg = Debug|Any CPU
		{56DC0AC4-5220-469A-BBA5-3B6AD4935830}.Release|Any CPU.ActiveCfg = Release|Any CPU
		{56DC0AC4-5220-469A-BBA5-3B6AD4935830}.Release|Any CPU.Build.0 = Release|Any CPU
		{56DC0AC4-5220-469A-BBA5-3B6AD4935830}.Release|Mixed Platforms.ActiveCfg = Release|Any CPU
		{56DC0AC4-5220-469A-BBA5-3B6AD4935830}.Release|Mixed Platforms.Build.0 = Release|Any CPU
		{56DC0AC4-5220-469A-BBA5-3B6AD4935830}.Release|Win32.ActiveCfg = Release|Any CPU
		{56DC0AC4-5220-469A-BBA5-3B6AD4935830}.Release|x64.ActiveCfg = Release|Any CPU
		{56DC0AC4-5220-469A-BBA5-3B6AD4935830}.Release|x86.ActiveCfg = Release|Any CPU
		{56DC0AC4-5220-469A-BBA5-3B6AD4935830}.SingleImage|Any CPU.ActiveCfg = Release|Any CPU
		{56DC0AC4-5220-469A-BBA5-3B6AD4935830}.SingleImage|Any CPU.Build.0 = Release|Any CPU
		{56DC0AC4-5220-469A-BBA5-3B6AD4935830}.SingleImage|Mixed Platforms.ActiveCfg = Debug|Any CPU
		{56DC0AC4-5220-469A-BBA5-3B6AD4935830}.SingleImage|Mixed Platforms.Build.0 = Debug|Any CPU
		{56DC0AC4-5220-469A-BBA5-3B6AD4935830}.SingleImage|Win32.ActiveCfg = Debug|Any CPU
		{56DC0AC4-5220-469A-BBA5-3B6AD4935830}.SingleImage|x64.ActiveCfg = Release|Any CPU
		{56DC0AC4-5220-469A-BBA5-3B6AD4935830}.SingleImage|x86.ActiveCfg = Release|Any CPU
		{7D810AFA-5B67-4C3A-A10F-A75FA7E33CD7}.CD_ROM|Any CPU.ActiveCfg = CD_ROM
		{7D810AFA-5B67-4C3A-A10F-A75FA7E33CD7}.CD_ROM|Any CPU.Build.0 = CD_ROM
		{7D810AFA-5B67-4C3A-A10F-A75FA7E33CD7}.CD_ROM|Mixed Platforms.ActiveCfg = CD_ROM
		{7D810AFA-5B67-4C3A-A10F-A75FA7E33CD7}.CD_ROM|Mixed Platforms.Build.0 = CD_ROM
		{7D810AFA-5B67-4C3A-A10F-A75FA7E33CD7}.CD_ROM|Win32.ActiveCfg = CD_ROM
		{7D810AFA-5B67-4C3A-A10F-A75FA7E33CD7}.CD_ROM|Win32.Build.0 = CD_ROM
		{7D810AFA-5B67-4C3A-A10F-A75FA7E33CD7}.CD_ROM|x64.ActiveCfg = CD_ROM
		{7D810AFA-5B67-4C3A-A10F-A75FA7E33CD7}.CD_ROM|x64.Build.0 = CD_ROM
		{7D810AFA-5B67-4C3A-A10F-A75FA7E33CD7}.CD_ROM|x86.ActiveCfg = CD_ROM
		{7D810AFA-5B67-4C3A-A10F-A75FA7E33CD7}.CD_ROM|x86.Build.0 = CD_ROM
		{7D810AFA-5B67-4C3A-A10F-A75FA7E33CD7}.Debug|Any CPU.ActiveCfg = DVD-5
		{7D810AFA-5B67-4C3A-A10F-A75FA7E33CD7}.Debug|Any CPU.Build.0 = DVD-5
		{7D810AFA-5B67-4C3A-A10F-A75FA7E33CD7}.Debug|Mixed Platforms.ActiveCfg = DVD-5
		{7D810AFA-5B67-4C3A-A10F-A75FA7E33CD7}.Debug|Mixed Platforms.Build.0 = DVD-5
		{7D810AFA-5B67-4C3A-A10F-A75FA7E33CD7}.Debug|Win32.ActiveCfg = DVD-5
		{7D810AFA-5B67-4C3A-A10F-A75FA7E33CD7}.Debug|Win32.Build.0 = DVD-5
		{7D810AFA-5B67-4C3A-A10F-A75FA7E33CD7}.Debug|x64.ActiveCfg = DVD-5
		{7D810AFA-5B67-4C3A-A10F-A75FA7E33CD7}.Debug|x64.Build.0 = DVD-5
		{7D810AFA-5B67-4C3A-A10F-A75FA7E33CD7}.Debug|x86.ActiveCfg = DVD-5
		{7D810AFA-5B67-4C3A-A10F-A75FA7E33CD7}.Debug|x86.Build.0 = DVD-5
		{7D810AFA-5B67-4C3A-A10F-A75FA7E33CD7}.DVD-5|Any CPU.ActiveCfg = DVD-5
		{7D810AFA-5B67-4C3A-A10F-A75FA7E33CD7}.DVD-5|Any CPU.Build.0 = DVD-5
		{7D810AFA-5B67-4C3A-A10F-A75FA7E33CD7}.DVD-5|Mixed Platforms.ActiveCfg = DVD-5
		{7D810AFA-5B67-4C3A-A10F-A75FA7E33CD7}.DVD-5|Mixed Platforms.Build.0 = DVD-5
		{7D810AFA-5B67-4C3A-A10F-A75FA7E33CD7}.DVD-5|Win32.ActiveCfg = DVD-5
		{7D810AFA-5B67-4C3A-A10F-A75FA7E33CD7}.DVD-5|Win32.Build.0 = DVD-5
		{7D810AFA-5B67-4C3A-A10F-A75FA7E33CD7}.DVD-5|x64.ActiveCfg = DVD-5
		{7D810AFA-5B67-4C3A-A10F-A75FA7E33CD7}.DVD-5|x64.Build.0 = DVD-5
		{7D810AFA-5B67-4C3A-A10F-A75FA7E33CD7}.DVD-5|x86.ActiveCfg = DVD-5
		{7D810AFA-5B67-4C3A-A10F-A75FA7E33CD7}.DVD-5|x86.Build.0 = DVD-5
		{7D810AFA-5B67-4C3A-A10F-A75FA7E33CD7}.Release|Any CPU.ActiveCfg = SingleImage
		{7D810AFA-5B67-4C3A-A10F-A75FA7E33CD7}.Release|Any CPU.Build.0 = SingleImage
		{7D810AFA-5B67-4C3A-A10F-A75FA7E33CD7}.Release|Mixed Platforms.ActiveCfg = SingleImage
		{7D810AFA-5B67-4C3A-A10F-A75FA7E33CD7}.Release|Mixed Platforms.Build.0 = SingleImage
		{7D810AFA-5B67-4C3A-A10F-A75FA7E33CD7}.Release|Win32.ActiveCfg = SingleImage
		{7D810AFA-5B67-4C3A-A10F-A75FA7E33CD7}.Release|Win32.Build.0 = SingleImage
		{7D810AFA-5B67-4C3A-A10F-A75FA7E33CD7}.Release|x64.ActiveCfg = SingleImage
		{7D810AFA-5B67-4C3A-A10F-A75FA7E33CD7}.Release|x64.Build.0 = SingleImage
		{7D810AFA-5B67-4C3A-A10F-A75FA7E33CD7}.Release|x86.ActiveCfg = SingleImage
		{7D810AFA-5B67-4C3A-A10F-A75FA7E33CD7}.Release|x86.Build.0 = SingleImage
		{7D810AFA-5B67-4C3A-A10F-A75FA7E33CD7}.SingleImage|Any CPU.ActiveCfg = SingleImage
		{7D810AFA-5B67-4C3A-A10F-A75FA7E33CD7}.SingleImage|Any CPU.Build.0 = SingleImage
		{7D810AFA-5B67-4C3A-A10F-A75FA7E33CD7}.SingleImage|Mixed Platforms.ActiveCfg = SingleImage
		{7D810AFA-5B67-4C3A-A10F-A75FA7E33CD7}.SingleImage|Mixed Platforms.Build.0 = SingleImage
		{7D810AFA-5B67-4C3A-A10F-A75FA7E33CD7}.SingleImage|Win32.ActiveCfg = SingleImage
		{7D810AFA-5B67-4C3A-A10F-A75FA7E33CD7}.SingleImage|Win32.Build.0 = SingleImage
		{7D810AFA-5B67-4C3A-A10F-A75FA7E33CD7}.SingleImage|x64.ActiveCfg = SingleImage
		{7D810AFA-5B67-4C3A-A10F-A75FA7E33CD7}.SingleImage|x64.Build.0 = SingleImage
		{7D810AFA-5B67-4C3A-A10F-A75FA7E33CD7}.SingleImage|x86.ActiveCfg = SingleImage
		{7D810AFA-5B67-4C3A-A10F-A75FA7E33CD7}.SingleImage|x86.Build.0 = SingleImage
		{36592C1E-4BB1-4E2F-8407-C842C2A30238}.CD_ROM|Any CPU.ActiveCfg = CD_ROM
		{36592C1E-4BB1-4E2F-8407-C842C2A30238}.CD_ROM|Any CPU.Build.0 = CD_ROM
		{36592C1E-4BB1-4E2F-8407-C842C2A30238}.CD_ROM|Mixed Platforms.ActiveCfg = CD_ROM
		{36592C1E-4BB1-4E2F-8407-C842C2A30238}.CD_ROM|Mixed Platforms.Build.0 = CD_ROM
		{36592C1E-4BB1-4E2F-8407-C842C2A30238}.CD_ROM|Win32.ActiveCfg = CD_ROM
		{36592C1E-4BB1-4E2F-8407-C842C2A30238}.CD_ROM|Win32.Build.0 = CD_ROM
		{36592C1E-4BB1-4E2F-8407-C842C2A30238}.CD_ROM|x64.ActiveCfg = CD_ROM
		{36592C1E-4BB1-4E2F-8407-C842C2A30238}.CD_ROM|x64.Build.0 = CD_ROM
		{36592C1E-4BB1-4E2F-8407-C842C2A30238}.CD_ROM|x86.ActiveCfg = CD_ROM
		{36592C1E-4BB1-4E2F-8407-C842C2A30238}.CD_ROM|x86.Build.0 = CD_ROM
		{36592C1E-4BB1-4E2F-8407-C842C2A30238}.Debug|Any CPU.ActiveCfg = DVD-5
		{36592C1E-4BB1-4E2F-8407-C842C2A30238}.Debug|Any CPU.Build.0 = DVD-5
		{36592C1E-4BB1-4E2F-8407-C842C2A30238}.Debug|Mixed Platforms.ActiveCfg = DVD-5
		{36592C1E-4BB1-4E2F-8407-C842C2A30238}.Debug|Mixed Platforms.Build.0 = DVD-5
		{36592C1E-4BB1-4E2F-8407-C842C2A30238}.Debug|Win32.ActiveCfg = DVD-5
		{36592C1E-4BB1-4E2F-8407-C842C2A30238}.Debug|Win32.Build.0 = DVD-5
		{36592C1E-4BB1-4E2F-8407-C842C2A30238}.Debug|x64.ActiveCfg = DVD-5
		{36592C1E-4BB1-4E2F-8407-C842C2A30238}.Debug|x64.Build.0 = DVD-5
		{36592C1E-4BB1-4E2F-8407-C842C2A30238}.Debug|x86.ActiveCfg = DVD-5
		{36592C1E-4BB1-4E2F-8407-C842C2A30238}.Debug|x86.Build.0 = DVD-5
		{36592C1E-4BB1-4E2F-8407-C842C2A30238}.DVD-5|Any CPU.ActiveCfg = DVD-5
		{36592C1E-4BB1-4E2F-8407-C842C2A30238}.DVD-5|Any CPU.Build.0 = DVD-5
		{36592C1E-4BB1-4E2F-8407-C842C2A30238}.DVD-5|Mixed Platforms.ActiveCfg = DVD-5
		{36592C1E-4BB1-4E2F-8407-C842C2A30238}.DVD-5|Mixed Platforms.Build.0 = DVD-5
		{36592C1E-4BB1-4E2F-8407-C842C2A30238}.DVD-5|Win32.ActiveCfg = DVD-5
		{36592C1E-4BB1-4E2F-8407-C842C2A30238}.DVD-5|Win32.Build.0 = DVD-5
		{36592C1E-4BB1-4E2F-8407-C842C2A30238}.DVD-5|x64.ActiveCfg = DVD-5
		{36592C1E-4BB1-4E2F-8407-C842C2A30238}.DVD-5|x64.Build.0 = DVD-5
		{36592C1E-4BB1-4E2F-8407-C842C2A30238}.DVD-5|x86.ActiveCfg = DVD-5
		{36592C1E-4BB1-4E2F-8407-C842C2A30238}.DVD-5|x86.Build.0 = DVD-5
		{36592C1E-4BB1-4E2F-8407-C842C2A30238}.Release|Any CPU.ActiveCfg = SingleImage
		{36592C1E-4BB1-4E2F-8407-C842C2A30238}.Release|Any CPU.Build.0 = SingleImage
		{36592C1E-4BB1-4E2F-8407-C842C2A30238}.Release|Mixed Platforms.ActiveCfg = SingleImage
		{36592C1E-4BB1-4E2F-8407-C842C2A30238}.Release|Mixed Platforms.Build.0 = SingleImage
		{36592C1E-4BB1-4E2F-8407-C842C2A30238}.Release|Win32.ActiveCfg = SingleImage
		{36592C1E-4BB1-4E2F-8407-C842C2A30238}.Release|Win32.Build.0 = SingleImage
		{36592C1E-4BB1-4E2F-8407-C842C2A30238}.Release|x64.ActiveCfg = SingleImage
		{36592C1E-4BB1-4E2F-8407-C842C2A30238}.Release|x64.Build.0 = SingleImage
		{36592C1E-4BB1-4E2F-8407-C842C2A30238}.Release|x86.ActiveCfg = SingleImage
		{36592C1E-4BB1-4E2F-8407-C842C2A30238}.Release|x86.Build.0 = SingleImage
		{36592C1E-4BB1-4E2F-8407-C842C2A30238}.SingleImage|Any CPU.ActiveCfg = SingleImage
		{36592C1E-4BB1-4E2F-8407-C842C2A30238}.SingleImage|Any CPU.Build.0 = SingleImage
		{36592C1E-4BB1-4E2F-8407-C842C2A30238}.SingleImage|Mixed Platforms.ActiveCfg = SingleImage
		{36592C1E-4BB1-4E2F-8407-C842C2A30238}.SingleImage|Mixed Platforms.Build.0 = SingleImage
		{36592C1E-4BB1-4E2F-8407-C842C2A30238}.SingleImage|Win32.ActiveCfg = SingleImage
		{36592C1E-4BB1-4E2F-8407-C842C2A30238}.SingleImage|Win32.Build.0 = SingleImage
		{36592C1E-4BB1-4E2F-8407-C842C2A30238}.SingleImage|x64.ActiveCfg = SingleImage
		{36592C1E-4BB1-4E2F-8407-C842C2A30238}.SingleImage|x64.Build.0 = SingleImage
		{36592C1E-4BB1-4E2F-8407-C842C2A30238}.SingleImage|x86.ActiveCfg = SingleImage
		{36592C1E-4BB1-4E2F-8407-C842C2A30238}.SingleImage|x86.Build.0 = SingleImage
		{C2AE7C60-BB61-4D23-A4B4-C42CBB652CBB}.CD_ROM|Any CPU.ActiveCfg = Release|Any CPU
		{C2AE7C60-BB61-4D23-A4B4-C42CBB652CBB}.CD_ROM|Any CPU.Build.0 = Release|Any CPU
		{C2AE7C60-BB61-4D23-A4B4-C42CBB652CBB}.CD_ROM|Mixed Platforms.ActiveCfg = Release|Any CPU
		{C2AE7C60-BB61-4D23-A4B4-C42CBB652CBB}.CD_ROM|Mixed Platforms.Build.0 = Release|Any CPU
		{C2AE7C60-BB61-4D23-A4B4-C42CBB652CBB}.CD_ROM|Win32.ActiveCfg = Release|Any CPU
		{C2AE7C60-BB61-4D23-A4B4-C42CBB652CBB}.CD_ROM|x64.ActiveCfg = Release|Any CPU
		{C2AE7C60-BB61-4D23-A4B4-C42CBB652CBB}.CD_ROM|x86.ActiveCfg = Release|Any CPU
		{C2AE7C60-BB61-4D23-A4B4-C42CBB652CBB}.Debug|Any CPU.ActiveCfg = Debug|Any CPU
		{C2AE7C60-BB61-4D23-A4B4-C42CBB652CBB}.Debug|Any CPU.Build.0 = Debug|Any CPU
		{C2AE7C60-BB61-4D23-A4B4-C42CBB652CBB}.Debug|Mixed Platforms.ActiveCfg = Debug|Any CPU
		{C2AE7C60-BB61-4D23-A4B4-C42CBB652CBB}.Debug|Mixed Platforms.Build.0 = Debug|Any CPU
		{C2AE7C60-BB61-4D23-A4B4-C42CBB652CBB}.Debug|Win32.ActiveCfg = Debug|Any CPU
		{C2AE7C60-BB61-4D23-A4B4-C42CBB652CBB}.Debug|x64.ActiveCfg = Debug|Any CPU
		{C2AE7C60-BB61-4D23-A4B4-C42CBB652CBB}.Debug|x86.ActiveCfg = Debug|Any CPU
		{C2AE7C60-BB61-4D23-A4B4-C42CBB652CBB}.DVD-5|Any CPU.ActiveCfg = Debug|Any CPU
		{C2AE7C60-BB61-4D23-A4B4-C42CBB652CBB}.DVD-5|Any CPU.Build.0 = Debug|Any CPU
		{C2AE7C60-BB61-4D23-A4B4-C42CBB652CBB}.DVD-5|Mixed Platforms.ActiveCfg = Debug|Any CPU
		{C2AE7C60-BB61-4D23-A4B4-C42CBB652CBB}.DVD-5|Mixed Platforms.Build.0 = Debug|Any CPU
		{C2AE7C60-BB61-4D23-A4B4-C42CBB652CBB}.DVD-5|Win32.ActiveCfg = Debug|Any CPU
		{C2AE7C60-BB61-4D23-A4B4-C42CBB652CBB}.DVD-5|x64.ActiveCfg = Debug|Any CPU
		{C2AE7C60-BB61-4D23-A4B4-C42CBB652CBB}.DVD-5|x86.ActiveCfg = Debug|Any CPU
		{C2AE7C60-BB61-4D23-A4B4-C42CBB652CBB}.Release|Any CPU.ActiveCfg = Release|Any CPU
		{C2AE7C60-BB61-4D23-A4B4-C42CBB652CBB}.Release|Any CPU.Build.0 = Release|Any CPU
		{C2AE7C60-BB61-4D23-A4B4-C42CBB652CBB}.Release|Mixed Platforms.ActiveCfg = Release|Any CPU
		{C2AE7C60-BB61-4D23-A4B4-C42CBB652CBB}.Release|Mixed Platforms.Build.0 = Release|Any CPU
		{C2AE7C60-BB61-4D23-A4B4-C42CBB652CBB}.Release|Win32.ActiveCfg = Release|Any CPU
		{C2AE7C60-BB61-4D23-A4B4-C42CBB652CBB}.Release|x64.ActiveCfg = Release|Any CPU
		{C2AE7C60-BB61-4D23-A4B4-C42CBB652CBB}.Release|x86.ActiveCfg = Release|Any CPU
		{C2AE7C60-BB61-4D23-A4B4-C42CBB652CBB}.SingleImage|Any CPU.ActiveCfg = Release|Any CPU
		{C2AE7C60-BB61-4D23-A4B4-C42CBB652CBB}.SingleImage|Any CPU.Build.0 = Release|Any CPU
		{C2AE7C60-BB61-4D23-A4B4-C42CBB652CBB}.SingleImage|Mixed Platforms.ActiveCfg = Release|Any CPU
		{C2AE7C60-BB61-4D23-A4B4-C42CBB652CBB}.SingleImage|Mixed Platforms.Build.0 = Release|Any CPU
		{C2AE7C60-BB61-4D23-A4B4-C42CBB652CBB}.SingleImage|Win32.ActiveCfg = Release|Any CPU
		{C2AE7C60-BB61-4D23-A4B4-C42CBB652CBB}.SingleImage|x64.ActiveCfg = Release|Any CPU
		{C2AE7C60-BB61-4D23-A4B4-C42CBB652CBB}.SingleImage|x86.ActiveCfg = Release|Any CPU
		{A1BCB61E-359F-46C8-89E1-26CD7E356880}.CD_ROM|Any CPU.ActiveCfg = Release|Win32
		{A1BCB61E-359F-46C8-89E1-26CD7E356880}.CD_ROM|Mixed Platforms.ActiveCfg = Release|Win32
		{A1BCB61E-359F-46C8-89E1-26CD7E356880}.CD_ROM|Mixed Platforms.Build.0 = Release|Win32
		{A1BCB61E-359F-46C8-89E1-26CD7E356880}.CD_ROM|Win32.ActiveCfg = Release|Win32
		{A1BCB61E-359F-46C8-89E1-26CD7E356880}.CD_ROM|Win32.Build.0 = Release|Win32
		{A1BCB61E-359F-46C8-89E1-26CD7E356880}.CD_ROM|x64.ActiveCfg = Release|x64
		{A1BCB61E-359F-46C8-89E1-26CD7E356880}.CD_ROM|x64.Build.0 = Release|x64
		{A1BCB61E-359F-46C8-89E1-26CD7E356880}.CD_ROM|x86.ActiveCfg = Release|Win32
		{A1BCB61E-359F-46C8-89E1-26CD7E356880}.CD_ROM|x86.Build.0 = Release|Win32
		{A1BCB61E-359F-46C8-89E1-26CD7E356880}.Debug|Any CPU.ActiveCfg = Debug|Win32
		{A1BCB61E-359F-46C8-89E1-26CD7E356880}.Debug|Mixed Platforms.ActiveCfg = Debug|Win32
		{A1BCB61E-359F-46C8-89E1-26CD7E356880}.Debug|Mixed Platforms.Build.0 = Debug|Win32
		{A1BCB61E-359F-46C8-89E1-26CD7E356880}.Debug|Win32.ActiveCfg = Debug|Win32
		{A1BCB61E-359F-46C8-89E1-26CD7E356880}.Debug|Win32.Build.0 = Debug|Win32
		{A1BCB61E-359F-46C8-89E1-26CD7E356880}.Debug|x64.ActiveCfg = Debug|x64
		{A1BCB61E-359F-46C8-89E1-26CD7E356880}.Debug|x64.Build.0 = Debug|x64
		{A1BCB61E-359F-46C8-89E1-26CD7E356880}.Debug|x86.ActiveCfg = Debug|Win32
		{A1BCB61E-359F-46C8-89E1-26CD7E356880}.Debug|x86.Build.0 = Debug|Win32
		{A1BCB61E-359F-46C8-89E1-26CD7E356880}.DVD-5|Any CPU.ActiveCfg = Debug|Win32
		{A1BCB61E-359F-46C8-89E1-26CD7E356880}.DVD-5|Mixed Platforms.ActiveCfg = Debug|Win32
		{A1BCB61E-359F-46C8-89E1-26CD7E356880}.DVD-5|Mixed Platforms.Build.0 = Debug|Win32
		{A1BCB61E-359F-46C8-89E1-26CD7E356880}.DVD-5|Win32.ActiveCfg = Debug|Win32
		{A1BCB61E-359F-46C8-89E1-26CD7E356880}.DVD-5|Win32.Build.0 = Debug|Win32
		{A1BCB61E-359F-46C8-89E1-26CD7E356880}.DVD-5|x64.ActiveCfg = Debug|x64
		{A1BCB61E-359F-46C8-89E1-26CD7E356880}.DVD-5|x64.Build.0 = Debug|x64
		{A1BCB61E-359F-46C8-89E1-26CD7E356880}.DVD-5|x86.ActiveCfg = Debug|Win32
		{A1BCB61E-359F-46C8-89E1-26CD7E356880}.DVD-5|x86.Build.0 = Debug|Win32
		{A1BCB61E-359F-46C8-89E1-26CD7E356880}.Release|Any CPU.ActiveCfg = Release|Win32
		{A1BCB61E-359F-46C8-89E1-26CD7E356880}.Release|Mixed Platforms.ActiveCfg = Release|Win32
		{A1BCB61E-359F-46C8-89E1-26CD7E356880}.Release|Mixed Platforms.Build.0 = Release|Win32
		{A1BCB61E-359F-46C8-89E1-26CD7E356880}.Release|Win32.ActiveCfg = Release|Win32
		{A1BCB61E-359F-46C8-89E1-26CD7E356880}.Release|Win32.Build.0 = Release|Win32
		{A1BCB61E-359F-46C8-89E1-26CD7E356880}.Release|x64.ActiveCfg = Release|x64
		{A1BCB61E-359F-46C8-89E1-26CD7E356880}.Release|x64.Build.0 = Release|x64
		{A1BCB61E-359F-46C8-89E1-26CD7E356880}.Release|x86.ActiveCfg = Release|Win32
		{A1BCB61E-359F-46C8-89E1-26CD7E356880}.Release|x86.Build.0 = Release|Win32
		{A1BCB61E-359F-46C8-89E1-26CD7E356880}.SingleImage|Any CPU.ActiveCfg = Release|Win32
		{A1BCB61E-359F-46C8-89E1-26CD7E356880}.SingleImage|Mixed Platforms.ActiveCfg = Release|Win32
		{A1BCB61E-359F-46C8-89E1-26CD7E356880}.SingleImage|Mixed Platforms.Build.0 = Release|Win32
		{A1BCB61E-359F-46C8-89E1-26CD7E356880}.SingleImage|Win32.ActiveCfg = Release|Win32
		{A1BCB61E-359F-46C8-89E1-26CD7E356880}.SingleImage|Win32.Build.0 = Release|Win32
		{A1BCB61E-359F-46C8-89E1-26CD7E356880}.SingleImage|x64.ActiveCfg = Release|x64
		{A1BCB61E-359F-46C8-89E1-26CD7E356880}.SingleImage|x64.Build.0 = Release|x64
		{A1BCB61E-359F-46C8-89E1-26CD7E356880}.SingleImage|x86.ActiveCfg = Release|Win32
		{A1BCB61E-359F-46C8-89E1-26CD7E356880}.SingleImage|x86.Build.0 = Release|Win32
		{01908292-8589-4166-BBF6-5E39D8A0C84E}.CD_ROM|Any CPU.ActiveCfg = Release|Any CPU
		{01908292-8589-4166-BBF6-5E39D8A0C84E}.CD_ROM|Any CPU.Build.0 = Release|Any CPU
		{01908292-8589-4166-BBF6-5E39D8A0C84E}.CD_ROM|Mixed Platforms.ActiveCfg = Release|Any CPU
		{01908292-8589-4166-BBF6-5E39D8A0C84E}.CD_ROM|Mixed Platforms.Build.0 = Release|Any CPU
		{01908292-8589-4166-BBF6-5E39D8A0C84E}.CD_ROM|Win32.ActiveCfg = Release|Any CPU
		{01908292-8589-4166-BBF6-5E39D8A0C84E}.CD_ROM|x64.ActiveCfg = Release|Any CPU
		{01908292-8589-4166-BBF6-5E39D8A0C84E}.CD_ROM|x86.ActiveCfg = Release|Any CPU
		{01908292-8589-4166-BBF6-5E39D8A0C84E}.Debug|Any CPU.ActiveCfg = Debug|Any CPU
		{01908292-8589-4166-BBF6-5E39D8A0C84E}.Debug|Any CPU.Build.0 = Debug|Any CPU
		{01908292-8589-4166-BBF6-5E39D8A0C84E}.Debug|Mixed Platforms.ActiveCfg = Debug|Any CPU
		{01908292-8589-4166-BBF6-5E39D8A0C84E}.Debug|Mixed Platforms.Build.0 = Debug|Any CPU
		{01908292-8589-4166-BBF6-5E39D8A0C84E}.Debug|Win32.ActiveCfg = Debug|Any CPU
		{01908292-8589-4166-BBF6-5E39D8A0C84E}.Debug|x64.ActiveCfg = Debug|Any CPU
		{01908292-8589-4166-BBF6-5E39D8A0C84E}.Debug|x86.ActiveCfg = Debug|Any CPU
		{01908292-8589-4166-BBF6-5E39D8A0C84E}.DVD-5|Any CPU.ActiveCfg = Debug|Any CPU
		{01908292-8589-4166-BBF6-5E39D8A0C84E}.DVD-5|Any CPU.Build.0 = Debug|Any CPU
		{01908292-8589-4166-BBF6-5E39D8A0C84E}.DVD-5|Mixed Platforms.ActiveCfg = Debug|Any CPU
		{01908292-8589-4166-BBF6-5E39D8A0C84E}.DVD-5|Mixed Platforms.Build.0 = Debug|Any CPU
		{01908292-8589-4166-BBF6-5E39D8A0C84E}.DVD-5|Win32.ActiveCfg = Debug|Any CPU
		{01908292-8589-4166-BBF6-5E39D8A0C84E}.DVD-5|x64.ActiveCfg = Debug|Any CPU
		{01908292-8589-4166-BBF6-5E39D8A0C84E}.DVD-5|x86.ActiveCfg = Debug|Any CPU
		{01908292-8589-4166-BBF6-5E39D8A0C84E}.Release|Any CPU.ActiveCfg = Release|Any CPU
		{01908292-8589-4166-BBF6-5E39D8A0C84E}.Release|Any CPU.Build.0 = Release|Any CPU
		{01908292-8589-4166-BBF6-5E39D8A0C84E}.Release|Mixed Platforms.ActiveCfg = Release|Any CPU
		{01908292-8589-4166-BBF6-5E39D8A0C84E}.Release|Mixed Platforms.Build.0 = Release|Any CPU
		{01908292-8589-4166-BBF6-5E39D8A0C84E}.Release|Win32.ActiveCfg = Release|Any CPU
		{01908292-8589-4166-BBF6-5E39D8A0C84E}.Release|x64.ActiveCfg = Release|Any CPU
		{01908292-8589-4166-BBF6-5E39D8A0C84E}.Release|x86.ActiveCfg = Release|Any CPU
		{01908292-8589-4166-BBF6-5E39D8A0C84E}.SingleImage|Any CPU.ActiveCfg = Release|Any CPU
		{01908292-8589-4166-BBF6-5E39D8A0C84E}.SingleImage|Any CPU.Build.0 = Release|Any CPU
		{01908292-8589-4166-BBF6-5E39D8A0C84E}.SingleImage|Mixed Platforms.ActiveCfg = Release|Any CPU
		{01908292-8589-4166-BBF6-5E39D8A0C84E}.SingleImage|Mixed Platforms.Build.0 = Release|Any CPU
		{01908292-8589-4166-BBF6-5E39D8A0C84E}.SingleImage|Win32.ActiveCfg = Release|Any CPU
		{01908292-8589-4166-BBF6-5E39D8A0C84E}.SingleImage|x64.ActiveCfg = Release|Any CPU
		{01908292-8589-4166-BBF6-5E39D8A0C84E}.SingleImage|x86.ActiveCfg = Release|Any CPU
		{155F2E2E-7433-4AF0-8BC2-C503D1B81A96}.CD_ROM|Any CPU.ActiveCfg = CD_ROM
		{155F2E2E-7433-4AF0-8BC2-C503D1B81A96}.CD_ROM|Any CPU.Build.0 = CD_ROM
		{155F2E2E-7433-4AF0-8BC2-C503D1B81A96}.CD_ROM|Mixed Platforms.ActiveCfg = CD_ROM
		{155F2E2E-7433-4AF0-8BC2-C503D1B81A96}.CD_ROM|Mixed Platforms.Build.0 = CD_ROM
		{155F2E2E-7433-4AF0-8BC2-C503D1B81A96}.CD_ROM|Win32.ActiveCfg = CD_ROM
		{155F2E2E-7433-4AF0-8BC2-C503D1B81A96}.CD_ROM|Win32.Build.0 = CD_ROM
		{155F2E2E-7433-4AF0-8BC2-C503D1B81A96}.CD_ROM|x64.ActiveCfg = CD_ROM
		{155F2E2E-7433-4AF0-8BC2-C503D1B81A96}.CD_ROM|x64.Build.0 = CD_ROM
		{155F2E2E-7433-4AF0-8BC2-C503D1B81A96}.CD_ROM|x86.ActiveCfg = CD_ROM
		{155F2E2E-7433-4AF0-8BC2-C503D1B81A96}.CD_ROM|x86.Build.0 = CD_ROM
		{155F2E2E-7433-4AF0-8BC2-C503D1B81A96}.Debug|Any CPU.ActiveCfg = DVD-5
		{155F2E2E-7433-4AF0-8BC2-C503D1B81A96}.Debug|Any CPU.Build.0 = DVD-5
		{155F2E2E-7433-4AF0-8BC2-C503D1B81A96}.Debug|Mixed Platforms.ActiveCfg = DVD-5
		{155F2E2E-7433-4AF0-8BC2-C503D1B81A96}.Debug|Mixed Platforms.Build.0 = DVD-5
		{155F2E2E-7433-4AF0-8BC2-C503D1B81A96}.Debug|Win32.ActiveCfg = DVD-5
		{155F2E2E-7433-4AF0-8BC2-C503D1B81A96}.Debug|Win32.Build.0 = DVD-5
		{155F2E2E-7433-4AF0-8BC2-C503D1B81A96}.Debug|x64.ActiveCfg = DVD-5
		{155F2E2E-7433-4AF0-8BC2-C503D1B81A96}.Debug|x64.Build.0 = DVD-5
		{155F2E2E-7433-4AF0-8BC2-C503D1B81A96}.Debug|x86.ActiveCfg = DVD-5
		{155F2E2E-7433-4AF0-8BC2-C503D1B81A96}.Debug|x86.Build.0 = DVD-5
		{155F2E2E-7433-4AF0-8BC2-C503D1B81A96}.DVD-5|Any CPU.ActiveCfg = DVD-5
		{155F2E2E-7433-4AF0-8BC2-C503D1B81A96}.DVD-5|Any CPU.Build.0 = DVD-5
		{155F2E2E-7433-4AF0-8BC2-C503D1B81A96}.DVD-5|Mixed Platforms.ActiveCfg = DVD-5
		{155F2E2E-7433-4AF0-8BC2-C503D1B81A96}.DVD-5|Mixed Platforms.Build.0 = DVD-5
		{155F2E2E-7433-4AF0-8BC2-C503D1B81A96}.DVD-5|Win32.ActiveCfg = DVD-5
		{155F2E2E-7433-4AF0-8BC2-C503D1B81A96}.DVD-5|Win32.Build.0 = DVD-5
		{155F2E2E-7433-4AF0-8BC2-C503D1B81A96}.DVD-5|x64.ActiveCfg = DVD-5
		{155F2E2E-7433-4AF0-8BC2-C503D1B81A96}.DVD-5|x64.Build.0 = DVD-5
		{155F2E2E-7433-4AF0-8BC2-C503D1B81A96}.DVD-5|x86.ActiveCfg = DVD-5
		{155F2E2E-7433-4AF0-8BC2-C503D1B81A96}.DVD-5|x86.Build.0 = DVD-5
		{155F2E2E-7433-4AF0-8BC2-C503D1B81A96}.Release|Any CPU.ActiveCfg = SingleImage
		{155F2E2E-7433-4AF0-8BC2-C503D1B81A96}.Release|Any CPU.Build.0 = SingleImage
		{155F2E2E-7433-4AF0-8BC2-C503D1B81A96}.Release|Mixed Platforms.ActiveCfg = SingleImage
		{155F2E2E-7433-4AF0-8BC2-C503D1B81A96}.Release|Mixed Platforms.Build.0 = SingleImage
		{155F2E2E-7433-4AF0-8BC2-C503D1B81A96}.Release|Win32.ActiveCfg = SingleImage
		{155F2E2E-7433-4AF0-8BC2-C503D1B81A96}.Release|Win32.Build.0 = SingleImage
		{155F2E2E-7433-4AF0-8BC2-C503D1B81A96}.Release|x64.ActiveCfg = SingleImage
		{155F2E2E-7433-4AF0-8BC2-C503D1B81A96}.Release|x64.Build.0 = SingleImage
		{155F2E2E-7433-4AF0-8BC2-C503D1B81A96}.Release|x86.ActiveCfg = SingleImage
		{155F2E2E-7433-4AF0-8BC2-C503D1B81A96}.Release|x86.Build.0 = SingleImage
		{155F2E2E-7433-4AF0-8BC2-C503D1B81A96}.SingleImage|Any CPU.ActiveCfg = SingleImage
		{155F2E2E-7433-4AF0-8BC2-C503D1B81A96}.SingleImage|Any CPU.Build.0 = SingleImage
		{155F2E2E-7433-4AF0-8BC2-C503D1B81A96}.SingleImage|Mixed Platforms.ActiveCfg = SingleImage
		{155F2E2E-7433-4AF0-8BC2-C503D1B81A96}.SingleImage|Mixed Platforms.Build.0 = SingleImage
		{155F2E2E-7433-4AF0-8BC2-C503D1B81A96}.SingleImage|Win32.ActiveCfg = SingleImage
		{155F2E2E-7433-4AF0-8BC2-C503D1B81A96}.SingleImage|Win32.Build.0 = SingleImage
		{155F2E2E-7433-4AF0-8BC2-C503D1B81A96}.SingleImage|x64.ActiveCfg = SingleImage
		{155F2E2E-7433-4AF0-8BC2-C503D1B81A96}.SingleImage|x64.Build.0 = SingleImage
		{155F2E2E-7433-4AF0-8BC2-C503D1B81A96}.SingleImage|x86.ActiveCfg = SingleImage
		{155F2E2E-7433-4AF0-8BC2-C503D1B81A96}.SingleImage|x86.Build.0 = SingleImage
		{D39EBB6B-3333-4654-BED7-D33A954BCD9F}.CD_ROM|Any CPU.ActiveCfg = CD_ROM
		{D39EBB6B-3333-4654-BED7-D33A954BCD9F}.CD_ROM|Any CPU.Build.0 = CD_ROM
		{D39EBB6B-3333-4654-BED7-D33A954BCD9F}.CD_ROM|Mixed Platforms.ActiveCfg = CD_ROM
		{D39EBB6B-3333-4654-BED7-D33A954BCD9F}.CD_ROM|Mixed Platforms.Build.0 = CD_ROM
		{D39EBB6B-3333-4654-BED7-D33A954BCD9F}.CD_ROM|Win32.ActiveCfg = CD_ROM
		{D39EBB6B-3333-4654-BED7-D33A954BCD9F}.CD_ROM|Win32.Build.0 = CD_ROM
		{D39EBB6B-3333-4654-BED7-D33A954BCD9F}.CD_ROM|x64.ActiveCfg = CD_ROM
		{D39EBB6B-3333-4654-BED7-D33A954BCD9F}.CD_ROM|x64.Build.0 = CD_ROM
		{D39EBB6B-3333-4654-BED7-D33A954BCD9F}.CD_ROM|x86.ActiveCfg = CD_ROM
		{D39EBB6B-3333-4654-BED7-D33A954BCD9F}.CD_ROM|x86.Build.0 = CD_ROM
		{D39EBB6B-3333-4654-BED7-D33A954BCD9F}.Debug|Any CPU.ActiveCfg = DVD-5
		{D39EBB6B-3333-4654-BED7-D33A954BCD9F}.Debug|Any CPU.Build.0 = DVD-5
		{D39EBB6B-3333-4654-BED7-D33A954BCD9F}.Debug|Mixed Platforms.ActiveCfg = DVD-5
		{D39EBB6B-3333-4654-BED7-D33A954BCD9F}.Debug|Mixed Platforms.Build.0 = DVD-5
		{D39EBB6B-3333-4654-BED7-D33A954BCD9F}.Debug|Win32.ActiveCfg = DVD-5
		{D39EBB6B-3333-4654-BED7-D33A954BCD9F}.Debug|Win32.Build.0 = DVD-5
		{D39EBB6B-3333-4654-BED7-D33A954BCD9F}.Debug|x64.ActiveCfg = DVD-5
		{D39EBB6B-3333-4654-BED7-D33A954BCD9F}.Debug|x64.Build.0 = DVD-5
		{D39EBB6B-3333-4654-BED7-D33A954BCD9F}.Debug|x86.ActiveCfg = DVD-5
		{D39EBB6B-3333-4654-BED7-D33A954BCD9F}.Debug|x86.Build.0 = DVD-5
		{D39EBB6B-3333-4654-BED7-D33A954BCD9F}.DVD-5|Any CPU.ActiveCfg = DVD-5
		{D39EBB6B-3333-4654-BED7-D33A954BCD9F}.DVD-5|Any CPU.Build.0 = DVD-5
		{D39EBB6B-3333-4654-BED7-D33A954BCD9F}.DVD-5|Mixed Platforms.ActiveCfg = DVD-5
		{D39EBB6B-3333-4654-BED7-D33A954BCD9F}.DVD-5|Mixed Platforms.Build.0 = DVD-5
		{D39EBB6B-3333-4654-BED7-D33A954BCD9F}.DVD-5|Win32.ActiveCfg = DVD-5
		{D39EBB6B-3333-4654-BED7-D33A954BCD9F}.DVD-5|Win32.Build.0 = DVD-5
		{D39EBB6B-3333-4654-BED7-D33A954BCD9F}.DVD-5|x64.ActiveCfg = DVD-5
		{D39EBB6B-3333-4654-BED7-D33A954BCD9F}.DVD-5|x64.Build.0 = DVD-5
		{D39EBB6B-3333-4654-BED7-D33A954BCD9F}.DVD-5|x86.ActiveCfg = DVD-5
		{D39EBB6B-3333-4654-BED7-D33A954BCD9F}.DVD-5|x86.Build.0 = DVD-5
		{D39EBB6B-3333-4654-BED7-D33A954BCD9F}.Release|Any CPU.ActiveCfg = SingleImage
		{D39EBB6B-3333-4654-BED7-D33A954BCD9F}.Release|Any CPU.Build.0 = SingleImage
		{D39EBB6B-3333-4654-BED7-D33A954BCD9F}.Release|Mixed Platforms.ActiveCfg = SingleImage
		{D39EBB6B-3333-4654-BED7-D33A954BCD9F}.Release|Mixed Platforms.Build.0 = SingleImage
		{D39EBB6B-3333-4654-BED7-D33A954BCD9F}.Release|Win32.ActiveCfg = SingleImage
		{D39EBB6B-3333-4654-BED7-D33A954BCD9F}.Release|Win32.Build.0 = SingleImage
		{D39EBB6B-3333-4654-BED7-D33A954BCD9F}.Release|x64.ActiveCfg = SingleImage
		{D39EBB6B-3333-4654-BED7-D33A954BCD9F}.Release|x64.Build.0 = SingleImage
		{D39EBB6B-3333-4654-BED7-D33A954BCD9F}.Release|x86.ActiveCfg = SingleImage
		{D39EBB6B-3333-4654-BED7-D33A954BCD9F}.Release|x86.Build.0 = SingleImage
		{D39EBB6B-3333-4654-BED7-D33A954BCD9F}.SingleImage|Any CPU.ActiveCfg = SingleImage
		{D39EBB6B-3333-4654-BED7-D33A954BCD9F}.SingleImage|Any CPU.Build.0 = SingleImage
		{D39EBB6B-3333-4654-BED7-D33A954BCD9F}.SingleImage|Mixed Platforms.ActiveCfg = SingleImage
		{D39EBB6B-3333-4654-BED7-D33A954BCD9F}.SingleImage|Mixed Platforms.Build.0 = SingleImage
		{D39EBB6B-3333-4654-BED7-D33A954BCD9F}.SingleImage|Win32.ActiveCfg = SingleImage
		{D39EBB6B-3333-4654-BED7-D33A954BCD9F}.SingleImage|Win32.Build.0 = SingleImage
		{D39EBB6B-3333-4654-BED7-D33A954BCD9F}.SingleImage|x64.ActiveCfg = SingleImage
		{D39EBB6B-3333-4654-BED7-D33A954BCD9F}.SingleImage|x64.Build.0 = SingleImage
		{D39EBB6B-3333-4654-BED7-D33A954BCD9F}.SingleImage|x86.ActiveCfg = SingleImage
		{D39EBB6B-3333-4654-BED7-D33A954BCD9F}.SingleImage|x86.Build.0 = SingleImage
	EndGlobalSection
	GlobalSection(SolutionProperties) = preSolution
		HideSolutionNode = FALSE
	EndGlobalSection
EndGlobal
