
Microsoft Visual Studio Solution File, Format Version 12.00
# Visual Studio 2013
VisualStudioVersion = 12.0.21005.1
MinimumVisualStudioVersion = 10.0.40219.1
Project("{FAE04EC0-301F-11D3-BF4B-00C04F79EFBC}") = "AppedoLT.Core", "AppedoLT.Core\AppedoLT.Core.csproj", "{0FD4A43E-E7BC-45BD-8897-537A46A0D54D}"
EndProject
Project("{FAE04EC0-301F-11D3-BF4B-00C04F79EFBC}") = "AppedoLT.DataAccessLayer", "AppedoLT.DataAccessLayer\AppedoLT.DataAccessLayer.csproj", "{32074F4C-9AA8-42C8-A711-97BFF96E4C82}"
EndProject
Project("{FAE04EC0-301F-11D3-BF4B-00C04F79EFBC}") = "AppedoLT.LoadGenerator", "AppedoLT.LoadGenerator\AppedoLT.LoadGenerator.csproj", "{82AC5A58-1366-4D4D-A3F3-CA22684B3FC3}"
EndProject
Project("{FAE04EC0-301F-11D3-BF4B-00C04F79EFBC}") = "AppedoLT", "AppedoLT\AppedoLT.csproj", "{99D24F84-9972-4FBC-B0F4-D5D4706EBE46}"
EndProject
Project("{FAE04EC0-301F-11D3-BF4B-00C04F79EFBC}") = "AppedoLT.BusinessLogic", "AppedoLT.BusinessLogic\AppedoLT.BusinessLogic.csproj", "{A482E44A-82E8-4CBF-9624-A8293BC2B437}"
EndProject
Project("{FAE04EC0-301F-11D3-BF4B-00C04F79EFBC}") = "AppedoLT.Controller", "AppedoLT.Controller\AppedoLT.Controller.csproj", "{FD491976-C9CA-4A1B-ACF5-9C6420B00EF7}"
EndProject
Project("{2150E333-8FDC-42A3-9474-1A3956D46DE8}") = "Solution Items", "Solution Items", "{39A051FE-ED4B-4445-A35B-3B330A294C4E}"
	ProjectSection(SolutionItems) = preProject
		Performance1.psess = Performance1.psess
	EndProjectSection
EndProject
Project("{54435603-DBB4-11D2-8724-00A0C9A8B90C}") = "Build AppedoLT", "Build AppedoLT\Build AppedoLT.vdproj", "{33AF4EC4-D754-48B0-87EE-C6207EFD7797}"
EndProject
Project("{54435603-DBB4-11D2-8724-00A0C9A8B90C}") = "Build AppedoLT.Controller", "Build AppedoLT.Controller\Build AppedoLT.Controller.vdproj", "{4607922C-7754-42CF-8109-BA20F8EC8EBC}"
EndProject
Project("{54435603-DBB4-11D2-8724-00A0C9A8B90C}") = "Build AppedoLT.LoadGenerator", "Build AppedoLT.LoadGenerator\Build AppedoLT.LoadGenerator.vdproj", "{F8AAB1C2-3EC6-4D14-A85C-6DCE57D80213}"
EndProject
Global
	GlobalSection(SolutionConfigurationPlatforms) = preSolution
		CD_ROM|Any CPU = CD_ROM|Any CPU
		CD_ROM|Mixed Platforms = CD_ROM|Mixed Platforms
		CD_ROM|Win32 = CD_ROM|Win32
		CD_ROM|x64 = CD_ROM|x64
		CD_ROM|x86 = CD_ROM|x86
		Debug|Any CPU = Debug|Any CPU
		Debug|Mixed Platforms = Debug|Mixed Platforms
		Debug|Win32 = Debug|Win32
		Debug|x64 = Debug|x64
		Debug|x86 = Debug|x86
		DVD-5|Any CPU = DVD-5|Any CPU
		DVD-5|Mixed Platforms = DVD-5|Mixed Platforms
		DVD-5|Win32 = DVD-5|Win32
		DVD-5|x64 = DVD-5|x64
		DVD-5|x86 = DVD-5|x86
		Release|Any CPU = Release|Any CPU
		Release|Mixed Platforms = Release|Mixed Platforms
		Release|Win32 = Release|Win32
		Release|x64 = Release|x64
		Release|x86 = Release|x86
		SingleImage|Any CPU = SingleImage|Any CPU
		SingleImage|Mixed Platforms = SingleImage|Mixed Platforms
		SingleImage|Win32 = SingleImage|Win32
		SingleImage|x64 = SingleImage|x64
		SingleImage|x86 = SingleImage|x86
	EndGlobalSection
	GlobalSection(ProjectConfigurationPlatforms) = postSolution
		{0FD4A43E-E7BC-45BD-8897-537A46A0D54D}.CD_ROM|Any CPU.ActiveCfg = Release|Any CPU
		{0FD4A43E-E7BC-45BD-8897-537A46A0D54D}.CD_ROM|Any CPU.Build.0 = Release|Any CPU
		{0FD4A43E-E7BC-45BD-8897-537A46A0D54D}.CD_ROM|Mixed Platforms.ActiveCfg = Debug|Any CPU
		{0FD4A43E-E7BC-45BD-8897-537A46A0D54D}.CD_ROM|Mixed Platforms.Build.0 = Debug|Any CPU
		{0FD4A43E-E7BC-45BD-8897-537A46A0D54D}.CD_ROM|Win32.ActiveCfg = Debug|Any CPU
		{0FD4A43E-E7BC-45BD-8897-537A46A0D54D}.CD_ROM|x64.ActiveCfg = Release|Any CPU
		{0FD4A43E-E7BC-45BD-8897-537A46A0D54D}.CD_ROM|x86.ActiveCfg = Release|Any CPU
		{0FD4A43E-E7BC-45BD-8897-537A46A0D54D}.Debug|Any CPU.ActiveCfg = Debug|Any CPU
		{0FD4A43E-E7BC-45BD-8897-537A46A0D54D}.Debug|Any CPU.Build.0 = Debug|Any CPU
		{0FD4A43E-E7BC-45BD-8897-537A46A0D54D}.Debug|Mixed Platforms.ActiveCfg = Debug|Any CPU
		{0FD4A43E-E7BC-45BD-8897-537A46A0D54D}.Debug|Mixed Platforms.Build.0 = Debug|Any CPU
		{0FD4A43E-E7BC-45BD-8897-537A46A0D54D}.Debug|Win32.ActiveCfg = Debug|Any CPU
		{0FD4A43E-E7BC-45BD-8897-537A46A0D54D}.Debug|x64.ActiveCfg = Debug|Any CPU
		{0FD4A43E-E7BC-45BD-8897-537A46A0D54D}.Debug|x86.ActiveCfg = Debug|Any CPU
		{0FD4A43E-E7BC-45BD-8897-537A46A0D54D}.DVD-5|Any CPU.ActiveCfg = Debug|Any CPU
		{0FD4A43E-E7BC-45BD-8897-537A46A0D54D}.DVD-5|Any CPU.Build.0 = Debug|Any CPU
		{0FD4A43E-E7BC-45BD-8897-537A46A0D54D}.DVD-5|Mixed Platforms.ActiveCfg = Debug|Any CPU
		{0FD4A43E-E7BC-45BD-8897-537A46A0D54D}.DVD-5|Mixed Platforms.Build.0 = Debug|Any CPU
		{0FD4A43E-E7BC-45BD-8897-537A46A0D54D}.DVD-5|Win32.ActiveCfg = Debug|Any CPU
		{0FD4A43E-E7BC-45BD-8897-537A46A0D54D}.DVD-5|x64.ActiveCfg = Debug|Any CPU
		{0FD4A43E-E7BC-45BD-8897-537A46A0D54D}.DVD-5|x86.ActiveCfg = Debug|Any CPU
		{0FD4A43E-E7BC-45BD-8897-537A46A0D54D}.Release|Any CPU.ActiveCfg = Release|Any CPU
		{0FD4A43E-E7BC-45BD-8897-537A46A0D54D}.Release|Any CPU.Build.0 = Release|Any CPU
		{0FD4A43E-E7BC-45BD-8897-537A46A0D54D}.Release|Mixed Platforms.ActiveCfg = Release|Any CPU
		{0FD4A43E-E7BC-45BD-8897-537A46A0D54D}.Release|Mixed Platforms.Build.0 = Release|Any CPU
		{0FD4A43E-E7BC-45BD-8897-537A46A0D54D}.Release|Win32.ActiveCfg = Release|Any CPU
		{0FD4A43E-E7BC-45BD-8897-537A46A0D54D}.Release|x64.ActiveCfg = Release|Any CPU
		{0FD4A43E-E7BC-45BD-8897-537A46A0D54D}.Release|x86.ActiveCfg = Release|Any CPU
		{0FD4A43E-E7BC-45BD-8897-537A46A0D54D}.SingleImage|Any CPU.ActiveCfg = Release|Any CPU
		{0FD4A43E-E7BC-45BD-8897-537A46A0D54D}.SingleImage|Any CPU.Build.0 = Release|Any CPU
		{0FD4A43E-E7BC-45BD-8897-537A46A0D54D}.SingleImage|Mixed Platforms.ActiveCfg = Debug|Any CPU
		{0FD4A43E-E7BC-45BD-8897-537A46A0D54D}.SingleImage|Mixed Platforms.Build.0 = Debug|Any CPU
		{0FD4A43E-E7BC-45BD-8897-537A46A0D54D}.SingleImage|Win32.ActiveCfg = Debug|Any CPU
		{0FD4A43E-E7BC-45BD-8897-537A46A0D54D}.SingleImage|x64.ActiveCfg = Release|Any CPU
		{0FD4A43E-E7BC-45BD-8897-537A46A0D54D}.SingleImage|x86.ActiveCfg = Release|Any CPU
		{32074F4C-9AA8-42C8-A711-97BFF96E4C82}.CD_ROM|Any CPU.ActiveCfg = Release|Any CPU
		{32074F4C-9AA8-42C8-A711-97BFF96E4C82}.CD_ROM|Any CPU.Build.0 = Release|Any CPU
		{32074F4C-9AA8-42C8-A711-97BFF96E4C82}.CD_ROM|Mixed Platforms.ActiveCfg = Debug|Any CPU
		{32074F4C-9AA8-42C8-A711-97BFF96E4C82}.CD_ROM|Mixed Platforms.Build.0 = Debug|Any CPU
		{32074F4C-9AA8-42C8-A711-97BFF96E4C82}.CD_ROM|Win32.ActiveCfg = Debug|Any CPU
		{32074F4C-9AA8-42C8-A711-97BFF96E4C82}.CD_ROM|x64.ActiveCfg = Release|Any CPU
		{32074F4C-9AA8-42C8-A711-97BFF96E4C82}.CD_ROM|x86.ActiveCfg = Release|Any CPU
		{32074F4C-9AA8-42C8-A711-97BFF96E4C82}.Debug|Any CPU.ActiveCfg = Debug|Any CPU
		{32074F4C-9AA8-42C8-A711-97BFF96E4C82}.Debug|Any CPU.Build.0 = Debug|Any CPU
		{32074F4C-9AA8-42C8-A711-97BFF96E4C82}.Debug|Mixed Platforms.ActiveCfg = Debug|Any CPU
		{32074F4C-9AA8-42C8-A711-97BFF96E4C82}.Debug|Mixed Platforms.Build.0 = Debug|Any CPU
		{32074F4C-9AA8-42C8-A711-97BFF96E4C82}.Debug|Win32.ActiveCfg = Debug|Any CPU
		{32074F4C-9AA8-42C8-A711-97BFF96E4C82}.Debug|x64.ActiveCfg = Debug|Any CPU
		{32074F4C-9AA8-42C8-A711-97BFF96E4C82}.Debug|x86.ActiveCfg = Debug|Any CPU
		{32074F4C-9AA8-42C8-A711-97BFF96E4C82}.DVD-5|Any CPU.ActiveCfg = Debug|Any CPU
		{32074F4C-9AA8-42C8-A711-97BFF96E4C82}.DVD-5|Any CPU.Build.0 = Debug|Any CPU
		{32074F4C-9AA8-42C8-A711-97BFF96E4C82}.DVD-5|Mixed Platforms.ActiveCfg = Debug|Any CPU
		{32074F4C-9AA8-42C8-A711-97BFF96E4C82}.DVD-5|Mixed Platforms.Build.0 = Debug|Any CPU
		{32074F4C-9AA8-42C8-A711-97BFF96E4C82}.DVD-5|Win32.ActiveCfg = Debug|Any CPU
		{32074F4C-9AA8-42C8-A711-97BFF96E4C82}.DVD-5|x64.ActiveCfg = Debug|Any CPU
		{32074F4C-9AA8-42C8-A711-97BFF96E4C82}.DVD-5|x86.ActiveCfg = Debug|Any CPU
		{32074F4C-9AA8-42C8-A711-97BFF96E4C82}.Release|Any CPU.ActiveCfg = Release|Any CPU
		{32074F4C-9AA8-42C8-A711-97BFF96E4C82}.Release|Any CPU.Build.0 = Release|Any CPU
		{32074F4C-9AA8-42C8-A711-97BFF96E4C82}.Release|Mixed Platforms.ActiveCfg = Release|Any CPU
		{32074F4C-9AA8-42C8-A711-97BFF96E4C82}.Release|Mixed Platforms.Build.0 = Release|Any CPU
		{32074F4C-9AA8-42C8-A711-97BFF96E4C82}.Release|Win32.ActiveCfg = Release|Any CPU
		{32074F4C-9AA8-42C8-A711-97BFF96E4C82}.Release|x64.ActiveCfg = Release|Any CPU
		{32074F4C-9AA8-42C8-A711-97BFF96E4C82}.Release|x86.ActiveCfg = Release|Any CPU
		{32074F4C-9AA8-42C8-A711-97BFF96E4C82}.SingleImage|Any CPU.ActiveCfg = Release|Any CPU
		{32074F4C-9AA8-42C8-A711-97BFF96E4C82}.SingleImage|Any CPU.Build.0 = Release|Any CPU
		{32074F4C-9AA8-42C8-A711-97BFF96E4C82}.SingleImage|Mixed Platforms.ActiveCfg = Debug|Any CPU
		{32074F4C-9AA8-42C8-A711-97BFF96E4C82}.SingleImage|Mixed Platforms.Build.0 = Debug|Any CPU
		{32074F4C-9AA8-42C8-A711-97BFF96E4C82}.SingleImage|Win32.ActiveCfg = Debug|Any CPU
		{32074F4C-9AA8-42C8-A711-97BFF96E4C82}.SingleImage|x64.ActiveCfg = Release|Any CPU
		{32074F4C-9AA8-42C8-A711-97BFF96E4C82}.SingleImage|x86.ActiveCfg = Release|Any CPU
		{82AC5A58-1366-4D4D-A3F3-CA22684B3FC3}.CD_ROM|Any CPU.ActiveCfg = Release|Any CPU
		{82AC5A58-1366-4D4D-A3F3-CA22684B3FC3}.CD_ROM|Any CPU.Build.0 = Release|Any CPU
		{82AC5A58-1366-4D4D-A3F3-CA22684B3FC3}.CD_ROM|Mixed Platforms.ActiveCfg = Debug|Any CPU
		{82AC5A58-1366-4D4D-A3F3-CA22684B3FC3}.CD_ROM|Mixed Platforms.Build.0 = Debug|Any CPU
		{82AC5A58-1366-4D4D-A3F3-CA22684B3FC3}.CD_ROM|Win32.ActiveCfg = Debug|Any CPU
		{82AC5A58-1366-4D4D-A3F3-CA22684B3FC3}.CD_ROM|x64.ActiveCfg = Release|Any CPU
		{82AC5A58-1366-4D4D-A3F3-CA22684B3FC3}.CD_ROM|x86.ActiveCfg = Release|Any CPU
		{82AC5A58-1366-4D4D-A3F3-CA22684B3FC3}.Debug|Any CPU.ActiveCfg = Debug|Any CPU
		{82AC5A58-1366-4D4D-A3F3-CA22684B3FC3}.Debug|Any CPU.Build.0 = Debug|Any CPU
		{82AC5A58-1366-4D4D-A3F3-CA22684B3FC3}.Debug|Mixed Platforms.ActiveCfg = Debug|Any CPU
		{82AC5A58-1366-4D4D-A3F3-CA22684B3FC3}.Debug|Mixed Platforms.Build.0 = Debug|Any CPU
		{82AC5A58-1366-4D4D-A3F3-CA22684B3FC3}.Debug|Win32.ActiveCfg = Debug|Any CPU
		{82AC5A58-1366-4D4D-A3F3-CA22684B3FC3}.Debug|x64.ActiveCfg = Debug|Any CPU
		{82AC5A58-1366-4D4D-A3F3-CA22684B3FC3}.Debug|x86.ActiveCfg = Debug|Any CPU
		{82AC5A58-1366-4D4D-A3F3-CA22684B3FC3}.DVD-5|Any CPU.ActiveCfg = Debug|Any CPU
		{82AC5A58-1366-4D4D-A3F3-CA22684B3FC3}.DVD-5|Any CPU.Build.0 = Debug|Any CPU
		{82AC5A58-1366-4D4D-A3F3-CA22684B3FC3}.DVD-5|Mixed Platforms.ActiveCfg = Debug|Any CPU
		{82AC5A58-1366-4D4D-A3F3-CA22684B3FC3}.DVD-5|Mixed Platforms.Build.0 = Debug|Any CPU
		{82AC5A58-1366-4D4D-A3F3-CA22684B3FC3}.DVD-5|Win32.ActiveCfg = Debug|Any CPU
		{82AC5A58-1366-4D4D-A3F3-CA22684B3FC3}.DVD-5|x64.ActiveCfg = Debug|Any CPU
		{82AC5A58-1366-4D4D-A3F3-CA22684B3FC3}.DVD-5|x86.ActiveCfg = Debug|Any CPU
		{82AC5A58-1366-4D4D-A3F3-CA22684B3FC3}.Release|Any CPU.ActiveCfg = Release|Any CPU
		{82AC5A58-1366-4D4D-A3F3-CA22684B3FC3}.Release|Any CPU.Build.0 = Release|Any CPU
		{82AC5A58-1366-4D4D-A3F3-CA22684B3FC3}.Release|Mixed Platforms.ActiveCfg = Release|Any CPU
		{82AC5A58-1366-4D4D-A3F3-CA22684B3FC3}.Release|Mixed Platforms.Build.0 = Release|Any CPU
		{82AC5A58-1366-4D4D-A3F3-CA22684B3FC3}.Release|Win32.ActiveCfg = Release|Any CPU
		{82AC5A58-1366-4D4D-A3F3-CA22684B3FC3}.Release|x64.ActiveCfg = Release|Any CPU
		{82AC5A58-1366-4D4D-A3F3-CA22684B3FC3}.Release|x86.ActiveCfg = Release|Any CPU
		{82AC5A58-1366-4D4D-A3F3-CA22684B3FC3}.SingleImage|Any CPU.ActiveCfg = Release|Any CPU
		{82AC5A58-1366-4D4D-A3F3-CA22684B3FC3}.SingleImage|Any CPU.Build.0 = Release|Any CPU
		{82AC5A58-1366-4D4D-A3F3-CA22684B3FC3}.SingleImage|Mixed Platforms.ActiveCfg = Debug|Any CPU
		{82AC5A58-1366-4D4D-A3F3-CA22684B3FC3}.SingleImage|Mixed Platforms.Build.0 = Debug|Any CPU
		{82AC5A58-1366-4D4D-A3F3-CA22684B3FC3}.SingleImage|Win32.ActiveCfg = Debug|Any CPU
		{82AC5A58-1366-4D4D-A3F3-CA22684B3FC3}.SingleImage|x64.ActiveCfg = Release|Any CPU
		{82AC5A58-1366-4D4D-A3F3-CA22684B3FC3}.SingleImage|x86.ActiveCfg = Release|Any CPU
		{99D24F84-9972-4FBC-B0F4-D5D4706EBE46}.CD_ROM|Any CPU.ActiveCfg = Release|Any CPU
		{99D24F84-9972-4FBC-B0F4-D5D4706EBE46}.CD_ROM|Any CPU.Build.0 = Release|Any CPU
		{99D24F84-9972-4FBC-B0F4-D5D4706EBE46}.CD_ROM|Mixed Platforms.ActiveCfg = Debug|x86
		{99D24F84-9972-4FBC-B0F4-D5D4706EBE46}.CD_ROM|Mixed Platforms.Build.0 = Debug|x86
		{99D24F84-9972-4FBC-B0F4-D5D4706EBE46}.CD_ROM|Win32.ActiveCfg = Debug|x86
		{99D24F84-9972-4FBC-B0F4-D5D4706EBE46}.CD_ROM|Win32.Build.0 = Debug|x86
		{99D24F84-9972-4FBC-B0F4-D5D4706EBE46}.CD_ROM|x64.ActiveCfg = Release|x64
		{99D24F84-9972-4FBC-B0F4-D5D4706EBE46}.CD_ROM|x64.Build.0 = Release|x64
		{99D24F84-9972-4FBC-B0F4-D5D4706EBE46}.CD_ROM|x86.ActiveCfg = Release|x86
		{99D24F84-9972-4FBC-B0F4-D5D4706EBE46}.CD_ROM|x86.Build.0 = Release|x86
		{99D24F84-9972-4FBC-B0F4-D5D4706EBE46}.Debug|Any CPU.ActiveCfg = Debug|Any CPU
		{99D24F84-9972-4FBC-B0F4-D5D4706EBE46}.Debug|Any CPU.Build.0 = Debug|Any CPU
		{99D24F84-9972-4FBC-B0F4-D5D4706EBE46}.Debug|Mixed Platforms.ActiveCfg = Debug|x64
		{99D24F84-9972-4FBC-B0F4-D5D4706EBE46}.Debug|Mixed Platforms.Build.0 = Debug|x64
		{99D24F84-9972-4FBC-B0F4-D5D4706EBE46}.Debug|Win32.ActiveCfg = Debug|x86
		{99D24F84-9972-4FBC-B0F4-D5D4706EBE46}.Debug|Win32.Build.0 = Debug|x86
		{99D24F84-9972-4FBC-B0F4-D5D4706EBE46}.Debug|x64.ActiveCfg = Debug|x64
		{99D24F84-9972-4FBC-B0F4-D5D4706EBE46}.Debug|x64.Build.0 = Debug|x64
		{99D24F84-9972-4FBC-B0F4-D5D4706EBE46}.Debug|x86.ActiveCfg = Debug|x86
		{99D24F84-9972-4FBC-B0F4-D5D4706EBE46}.Debug|x86.Build.0 = Debug|x86
		{99D24F84-9972-4FBC-B0F4-D5D4706EBE46}.DVD-5|Any CPU.ActiveCfg = Debug|Any CPU
		{99D24F84-9972-4FBC-B0F4-D5D4706EBE46}.DVD-5|Any CPU.Build.0 = Debug|Any CPU
		{99D24F84-9972-4FBC-B0F4-D5D4706EBE46}.DVD-5|Mixed Platforms.ActiveCfg = Debug|x86
		{99D24F84-9972-4FBC-B0F4-D5D4706EBE46}.DVD-5|Mixed Platforms.Build.0 = Debug|x86
		{99D24F84-9972-4FBC-B0F4-D5D4706EBE46}.DVD-5|Win32.ActiveCfg = Debug|x86
		{99D24F84-9972-4FBC-B0F4-D5D4706EBE46}.DVD-5|Win32.Build.0 = Debug|x86
		{99D24F84-9972-4FBC-B0F4-D5D4706EBE46}.DVD-5|x64.ActiveCfg = Debug|x64
		{99D24F84-9972-4FBC-B0F4-D5D4706EBE46}.DVD-5|x64.Build.0 = Debug|x64
		{99D24F84-9972-4FBC-B0F4-D5D4706EBE46}.DVD-5|x86.ActiveCfg = Debug|x86
		{99D24F84-9972-4FBC-B0F4-D5D4706EBE46}.DVD-5|x86.Build.0 = Debug|x86
		{99D24F84-9972-4FBC-B0F4-D5D4706EBE46}.Release|Any CPU.ActiveCfg = Release|Any CPU
		{99D24F84-9972-4FBC-B0F4-D5D4706EBE46}.Release|Any CPU.Build.0 = Release|Any CPU
		{99D24F84-9972-4FBC-B0F4-D5D4706EBE46}.Release|Mixed Platforms.ActiveCfg = Release|Any CPU
		{99D24F84-9972-4FBC-B0F4-D5D4706EBE46}.Release|Mixed Platforms.Build.0 = Release|Any CPU
		{99D24F84-9972-4FBC-B0F4-D5D4706EBE46}.Release|Mixed Platforms.Deploy.0 = Release|Any CPU
		{99D24F84-9972-4FBC-B0F4-D5D4706EBE46}.Release|Win32.ActiveCfg = Release|x86
		{99D24F84-9972-4FBC-B0F4-D5D4706EBE46}.Release|Win32.Build.0 = Release|x86
		{99D24F84-9972-4FBC-B0F4-D5D4706EBE46}.Release|x64.ActiveCfg = Release|x64
		{99D24F84-9972-4FBC-B0F4-D5D4706EBE46}.Release|x64.Build.0 = Release|x64
		{99D24F84-9972-4FBC-B0F4-D5D4706EBE46}.Release|x86.ActiveCfg = Release|x86
		{99D24F84-9972-4FBC-B0F4-D5D4706EBE46}.Release|x86.Build.0 = Release|x86
		{99D24F84-9972-4FBC-B0F4-D5D4706EBE46}.SingleImage|Any CPU.ActiveCfg = Release|Any CPU
		{99D24F84-9972-4FBC-B0F4-D5D4706EBE46}.SingleImage|Any CPU.Build.0 = Release|Any CPU
		{99D24F84-9972-4FBC-B0F4-D5D4706EBE46}.SingleImage|Mixed Platforms.ActiveCfg = Debug|x86
		{99D24F84-9972-4FBC-B0F4-D5D4706EBE46}.SingleImage|Mixed Platforms.Build.0 = Debug|x86
		{99D24F84-9972-4FBC-B0F4-D5D4706EBE46}.SingleImage|Win32.ActiveCfg = Debug|x86
		{99D24F84-9972-4FBC-B0F4-D5D4706EBE46}.SingleImage|Win32.Build.0 = Debug|x86
		{99D24F84-9972-4FBC-B0F4-D5D4706EBE46}.SingleImage|x64.ActiveCfg = Release|x64
		{99D24F84-9972-4FBC-B0F4-D5D4706EBE46}.SingleImage|x64.Build.0 = Release|x64
		{99D24F84-9972-4FBC-B0F4-D5D4706EBE46}.SingleImage|x86.ActiveCfg = Release|x86
		{99D24F84-9972-4FBC-B0F4-D5D4706EBE46}.SingleImage|x86.Build.0 = Release|x86
		{A482E44A-82E8-4CBF-9624-A8293BC2B437}.CD_ROM|Any CPU.ActiveCfg = Release|Any CPU
		{A482E44A-82E8-4CBF-9624-A8293BC2B437}.CD_ROM|Any CPU.Build.0 = Release|Any CPU
		{A482E44A-82E8-4CBF-9624-A8293BC2B437}.CD_ROM|Mixed Platforms.ActiveCfg = Debug|Any CPU
		{A482E44A-82E8-4CBF-9624-A8293BC2B437}.CD_ROM|Mixed Platforms.Build.0 = Debug|Any CPU
		{A482E44A-82E8-4CBF-9624-A8293BC2B437}.CD_ROM|Win32.ActiveCfg = Debug|Any CPU
		{A482E44A-82E8-4CBF-9624-A8293BC2B437}.CD_ROM|x64.ActiveCfg = Release|Any CPU
		{A482E44A-82E8-4CBF-9624-A8293BC2B437}.CD_ROM|x86.ActiveCfg = Release|Any CPU
		{A482E44A-82E8-4CBF-9624-A8293BC2B437}.Debug|Any CPU.ActiveCfg = Debug|Any CPU
		{A482E44A-82E8-4CBF-9624-A8293BC2B437}.Debug|Any CPU.Build.0 = Debug|Any CPU
		{A482E44A-82E8-4CBF-9624-A8293BC2B437}.Debug|Mixed Platforms.ActiveCfg = Debug|Any CPU
		{A482E44A-82E8-4CBF-9624-A8293BC2B437}.Debug|Mixed Platforms.Build.0 = Debug|Any CPU
		{A482E44A-82E8-4CBF-9624-A8293BC2B437}.Debug|Win32.ActiveCfg = Debug|Any CPU
		{A482E44A-82E8-4CBF-9624-A8293BC2B437}.Debug|x64.ActiveCfg = Debug|Any CPU
		{A482E44A-82E8-4CBF-9624-A8293BC2B437}.Debug|x86.ActiveCfg = Debug|Any CPU
		{A482E44A-82E8-4CBF-9624-A8293BC2B437}.DVD-5|Any CPU.ActiveCfg = Debug|Any CPU
		{A482E44A-82E8-4CBF-9624-A8293BC2B437}.DVD-5|Any CPU.Build.0 = Debug|Any CPU
		{A482E44A-82E8-4CBF-9624-A8293BC2B437}.DVD-5|Mixed Platforms.ActiveCfg = Debug|Any CPU
		{A482E44A-82E8-4CBF-9624-A8293BC2B437}.DVD-5|Mixed Platforms.Build.0 = Debug|Any CPU
		{A482E44A-82E8-4CBF-9624-A8293BC2B437}.DVD-5|Win32.ActiveCfg = Debug|Any CPU
		{A482E44A-82E8-4CBF-9624-A8293BC2B437}.DVD-5|x64.ActiveCfg = Debug|Any CPU
		{A482E44A-82E8-4CBF-9624-A8293BC2B437}.DVD-5|x86.ActiveCfg = Debug|Any CPU
		{A482E44A-82E8-4CBF-9624-A8293BC2B437}.Release|Any CPU.ActiveCfg = Release|Any CPU
		{A482E44A-82E8-4CBF-9624-A8293BC2B437}.Release|Any CPU.Build.0 = Release|Any CPU
		{A482E44A-82E8-4CBF-9624-A8293BC2B437}.Release|Mixed Platforms.ActiveCfg = Release|Any CPU
		{A482E44A-82E8-4CBF-9624-A8293BC2B437}.Release|Mixed Platforms.Build.0 = Release|Any CPU
		{A482E44A-82E8-4CBF-9624-A8293BC2B437}.Release|Mixed Platforms.Deploy.0 = Release|Any CPU
		{A482E44A-82E8-4CBF-9624-A8293BC2B437}.Release|Win32.ActiveCfg = Release|Any CPU
		{A482E44A-82E8-4CBF-9624-A8293BC2B437}.Release|x64.ActiveCfg = Release|Any CPU
		{A482E44A-82E8-4CBF-9624-A8293BC2B437}.Release|x86.ActiveCfg = Release|Any CPU
		{A482E44A-82E8-4CBF-9624-A8293BC2B437}.SingleImage|Any CPU.ActiveCfg = Release|Any CPU
		{A482E44A-82E8-4CBF-9624-A8293BC2B437}.SingleImage|Any CPU.Build.0 = Release|Any CPU
		{A482E44A-82E8-4CBF-9624-A8293BC2B437}.SingleImage|Mixed Platforms.ActiveCfg = Debug|Any CPU
		{A482E44A-82E8-4CBF-9624-A8293BC2B437}.SingleImage|Mixed Platforms.Build.0 = Debug|Any CPU
		{A482E44A-82E8-4CBF-9624-A8293BC2B437}.SingleImage|Win32.ActiveCfg = Debug|Any CPU
		{A482E44A-82E8-4CBF-9624-A8293BC2B437}.SingleImage|x64.ActiveCfg = Release|Any CPU
		{A482E44A-82E8-4CBF-9624-A8293BC2B437}.SingleImage|x86.ActiveCfg = Release|Any CPU
		{FD491976-C9CA-4A1B-ACF5-9C6420B00EF7}.CD_ROM|Any CPU.ActiveCfg = Release|Any CPU
		{FD491976-C9CA-4A1B-ACF5-9C6420B00EF7}.CD_ROM|Any CPU.Build.0 = Release|Any CPU
		{FD491976-C9CA-4A1B-ACF5-9C6420B00EF7}.CD_ROM|Mixed Platforms.ActiveCfg = Debug|Any CPU
		{FD491976-C9CA-4A1B-ACF5-9C6420B00EF7}.CD_ROM|Mixed Platforms.Build.0 = Debug|Any CPU
		{FD491976-C9CA-4A1B-ACF5-9C6420B00EF7}.CD_ROM|Win32.ActiveCfg = Debug|Any CPU
		{FD491976-C9CA-4A1B-ACF5-9C6420B00EF7}.CD_ROM|x64.ActiveCfg = Release|Any CPU
		{FD491976-C9CA-4A1B-ACF5-9C6420B00EF7}.CD_ROM|x86.ActiveCfg = Release|Any CPU
		{FD491976-C9CA-4A1B-ACF5-9C6420B00EF7}.Debug|Any CPU.ActiveCfg = Debug|Any CPU
		{FD491976-C9CA-4A1B-ACF5-9C6420B00EF7}.Debug|Any CPU.Build.0 = Debug|Any CPU
		{FD491976-C9CA-4A1B-ACF5-9C6420B00EF7}.Debug|Mixed Platforms.ActiveCfg = Debug|Any CPU
		{FD491976-C9CA-4A1B-ACF5-9C6420B00EF7}.Debug|Mixed Platforms.Build.0 = Debug|Any CPU
		{FD491976-C9CA-4A1B-ACF5-9C6420B00EF7}.Debug|Win32.ActiveCfg = Debug|Any CPU
		{FD491976-C9CA-4A1B-ACF5-9C6420B00EF7}.Debug|x64.ActiveCfg = Debug|Any CPU
		{FD491976-C9CA-4A1B-ACF5-9C6420B00EF7}.Debug|x86.ActiveCfg = Debug|Any CPU
		{FD491976-C9CA-4A1B-ACF5-9C6420B00EF7}.DVD-5|Any CPU.ActiveCfg = Debug|Any CPU
		{FD491976-C9CA-4A1B-ACF5-9C6420B00EF7}.DVD-5|Any CPU.Build.0 = Debug|Any CPU
		{FD491976-C9CA-4A1B-ACF5-9C6420B00EF7}.DVD-5|Mixed Platforms.ActiveCfg = Debug|Any CPU
		{FD491976-C9CA-4A1B-ACF5-9C6420B00EF7}.DVD-5|Mixed Platforms.Build.0 = Debug|Any CPU
		{FD491976-C9CA-4A1B-ACF5-9C6420B00EF7}.DVD-5|Win32.ActiveCfg = Debug|Any CPU
		{FD491976-C9CA-4A1B-ACF5-9C6420B00EF7}.DVD-5|x64.ActiveCfg = Debug|Any CPU
		{FD491976-C9CA-4A1B-ACF5-9C6420B00EF7}.DVD-5|x86.ActiveCfg = Debug|Any CPU
		{FD491976-C9CA-4A1B-ACF5-9C6420B00EF7}.Release|Any CPU.ActiveCfg = Release|Any CPU
		{FD491976-C9CA-4A1B-ACF5-9C6420B00EF7}.Release|Any CPU.Build.0 = Release|Any CPU
		{FD491976-C9CA-4A1B-ACF5-9C6420B00EF7}.Release|Mixed Platforms.ActiveCfg = Release|Any CPU
		{FD491976-C9CA-4A1B-ACF5-9C6420B00EF7}.Release|Mixed Platforms.Build.0 = Release|Any CPU
		{FD491976-C9CA-4A1B-ACF5-9C6420B00EF7}.Release|Win32.ActiveCfg = Release|Any CPU
		{FD491976-C9CA-4A1B-ACF5-9C6420B00EF7}.Release|x64.ActiveCfg = Release|Any CPU
		{FD491976-C9CA-4A1B-ACF5-9C6420B00EF7}.Release|x86.ActiveCfg = Release|Any CPU
		{FD491976-C9CA-4A1B-ACF5-9C6420B00EF7}.SingleImage|Any CPU.ActiveCfg = Release|Any CPU
		{FD491976-C9CA-4A1B-ACF5-9C6420B00EF7}.SingleImage|Any CPU.Build.0 = Release|Any CPU
		{FD491976-C9CA-4A1B-ACF5-9C6420B00EF7}.SingleImage|Mixed Platforms.ActiveCfg = Debug|Any CPU
		{FD491976-C9CA-4A1B-ACF5-9C6420B00EF7}.SingleImage|Mixed Platforms.Build.0 = Debug|Any CPU
		{FD491976-C9CA-4A1B-ACF5-9C6420B00EF7}.SingleImage|Win32.ActiveCfg = Debug|Any CPU
		{FD491976-C9CA-4A1B-ACF5-9C6420B00EF7}.SingleImage|x64.ActiveCfg = Release|Any CPU
		{FD491976-C9CA-4A1B-ACF5-9C6420B00EF7}.SingleImage|x86.ActiveCfg = Release|Any CPU
		{33AF4EC4-D754-48B0-87EE-C6207EFD7797}.CD_ROM|Any CPU.ActiveCfg = Release
		{33AF4EC4-D754-48B0-87EE-C6207EFD7797}.CD_ROM|Mixed Platforms.ActiveCfg = Release
		{33AF4EC4-D754-48B0-87EE-C6207EFD7797}.CD_ROM|Win32.ActiveCfg = Release
		{33AF4EC4-D754-48B0-87EE-C6207EFD7797}.CD_ROM|x64.ActiveCfg = Release
		{33AF4EC4-D754-48B0-87EE-C6207EFD7797}.CD_ROM|x86.ActiveCfg = Release
		{33AF4EC4-D754-48B0-87EE-C6207EFD7797}.Debug|Any CPU.ActiveCfg = Debug
		{33AF4EC4-D754-48B0-87EE-C6207EFD7797}.Debug|Mixed Platforms.ActiveCfg = Debug
		{33AF4EC4-D754-48B0-87EE-C6207EFD7797}.Debug|Win32.ActiveCfg = Debug
		{33AF4EC4-D754-48B0-87EE-C6207EFD7797}.Debug|x64.ActiveCfg = Debug
		{33AF4EC4-D754-48B0-87EE-C6207EFD7797}.Debug|x86.ActiveCfg = Debug
		{33AF4EC4-D754-48B0-87EE-C6207EFD7797}.DVD-5|Any CPU.ActiveCfg = Debug
		{33AF4EC4-D754-48B0-87EE-C6207EFD7797}.DVD-5|Mixed Platforms.ActiveCfg = Debug
		{33AF4EC4-D754-48B0-87EE-C6207EFD7797}.DVD-5|Win32.ActiveCfg = Debug
		{33AF4EC4-D754-48B0-87EE-C6207EFD7797}.DVD-5|x64.ActiveCfg = Debug
		{33AF4EC4-D754-48B0-87EE-C6207EFD7797}.DVD-5|x86.ActiveCfg = Debug
		{33AF4EC4-D754-48B0-87EE-C6207EFD7797}.Release|Any CPU.ActiveCfg = Release
		{33AF4EC4-D754-48B0-87EE-C6207EFD7797}.Release|Mixed Platforms.ActiveCfg = Release
		{33AF4EC4-D754-48B0-87EE-C6207EFD7797}.Release|Win32.ActiveCfg = Release
		{33AF4EC4-D754-48B0-87EE-C6207EFD7797}.Release|x64.ActiveCfg = Release
		{33AF4EC4-D754-48B0-87EE-C6207EFD7797}.Release|x86.ActiveCfg = Release
		{33AF4EC4-D754-48B0-87EE-C6207EFD7797}.SingleImage|Any CPU.ActiveCfg = Release
		{33AF4EC4-D754-48B0-87EE-C6207EFD7797}.SingleImage|Mixed Platforms.ActiveCfg = Release
		{33AF4EC4-D754-48B0-87EE-C6207EFD7797}.SingleImage|Win32.ActiveCfg = Release
		{33AF4EC4-D754-48B0-87EE-C6207EFD7797}.SingleImage|x64.ActiveCfg = Release
		{33AF4EC4-D754-48B0-87EE-C6207EFD7797}.SingleImage|x86.ActiveCfg = Release
		{4607922C-7754-42CF-8109-BA20F8EC8EBC}.CD_ROM|Any CPU.ActiveCfg = Release
		{4607922C-7754-42CF-8109-BA20F8EC8EBC}.CD_ROM|Mixed Platforms.ActiveCfg = Release
		{4607922C-7754-42CF-8109-BA20F8EC8EBC}.CD_ROM|Win32.ActiveCfg = Release
		{4607922C-7754-42CF-8109-BA20F8EC8EBC}.CD_ROM|x64.ActiveCfg = Release
		{4607922C-7754-42CF-8109-BA20F8EC8EBC}.CD_ROM|x86.ActiveCfg = Release
		{4607922C-7754-42CF-8109-BA20F8EC8EBC}.Debug|Any CPU.ActiveCfg = Debug
		{4607922C-7754-42CF-8109-BA20F8EC8EBC}.Debug|Mixed Platforms.ActiveCfg = Debug
		{4607922C-7754-42CF-8109-BA20F8EC8EBC}.Debug|Win32.ActiveCfg = Debug
		{4607922C-7754-42CF-8109-BA20F8EC8EBC}.Debug|x64.ActiveCfg = Debug
		{4607922C-7754-42CF-8109-BA20F8EC8EBC}.Debug|x86.ActiveCfg = Debug
		{4607922C-7754-42CF-8109-BA20F8EC8EBC}.DVD-5|Any CPU.ActiveCfg = Debug
		{4607922C-7754-42CF-8109-BA20F8EC8EBC}.DVD-5|Mixed Platforms.ActiveCfg = Debug
		{4607922C-7754-42CF-8109-BA20F8EC8EBC}.DVD-5|Win32.ActiveCfg = Debug
		{4607922C-7754-42CF-8109-BA20F8EC8EBC}.DVD-5|x64.ActiveCfg = Debug
		{4607922C-7754-42CF-8109-BA20F8EC8EBC}.DVD-5|x86.ActiveCfg = Debug
		{4607922C-7754-42CF-8109-BA20F8EC8EBC}.Release|Any CPU.ActiveCfg = Release
		{4607922C-7754-42CF-8109-BA20F8EC8EBC}.Release|Mixed Platforms.ActiveCfg = Release
		{4607922C-7754-42CF-8109-BA20F8EC8EBC}.Release|Win32.ActiveCfg = Release
		{4607922C-7754-42CF-8109-BA20F8EC8EBC}.Release|x64.ActiveCfg = Release
		{4607922C-7754-42CF-8109-BA20F8EC8EBC}.Release|x86.ActiveCfg = Release
		{4607922C-7754-42CF-8109-BA20F8EC8EBC}.SingleImage|Any CPU.ActiveCfg = Release
		{4607922C-7754-42CF-8109-BA20F8EC8EBC}.SingleImage|Mixed Platforms.ActiveCfg = Release
		{4607922C-7754-42CF-8109-BA20F8EC8EBC}.SingleImage|Win32.ActiveCfg = Release
		{4607922C-7754-42CF-8109-BA20F8EC8EBC}.SingleImage|x64.ActiveCfg = Release
		{4607922C-7754-42CF-8109-BA20F8EC8EBC}.SingleImage|x86.ActiveCfg = Release
		{F8AAB1C2-3EC6-4D14-A85C-6DCE57D80213}.CD_ROM|Any CPU.ActiveCfg = Release
		{F8AAB1C2-3EC6-4D14-A85C-6DCE57D80213}.CD_ROM|Mixed Platforms.ActiveCfg = Release
		{F8AAB1C2-3EC6-4D14-A85C-6DCE57D80213}.CD_ROM|Win32.ActiveCfg = Release
		{F8AAB1C2-3EC6-4D14-A85C-6DCE57D80213}.CD_ROM|x64.ActiveCfg = Release
		{F8AAB1C2-3EC6-4D14-A85C-6DCE57D80213}.CD_ROM|x86.ActiveCfg = Release
		{F8AAB1C2-3EC6-4D14-A85C-6DCE57D80213}.Debug|Any CPU.ActiveCfg = Debug
		{F8AAB1C2-3EC6-4D14-A85C-6DCE57D80213}.Debug|Mixed Platforms.ActiveCfg = Debug
		{F8AAB1C2-3EC6-4D14-A85C-6DCE57D80213}.Debug|Win32.ActiveCfg = Debug
		{F8AAB1C2-3EC6-4D14-A85C-6DCE57D80213}.Debug|x64.ActiveCfg = Debug
		{F8AAB1C2-3EC6-4D14-A85C-6DCE57D80213}.Debug|x86.ActiveCfg = Debug
		{F8AAB1C2-3EC6-4D14-A85C-6DCE57D80213}.DVD-5|Any CPU.ActiveCfg = Debug
		{F8AAB1C2-3EC6-4D14-A85C-6DCE57D80213}.DVD-5|Mixed Platforms.ActiveCfg = Debug
		{F8AAB1C2-3EC6-4D14-A85C-6DCE57D80213}.DVD-5|Win32.ActiveCfg = Debug
		{F8AAB1C2-3EC6-4D14-A85C-6DCE57D80213}.DVD-5|x64.ActiveCfg = Debug
		{F8AAB1C2-3EC6-4D14-A85C-6DCE57D80213}.DVD-5|x86.ActiveCfg = Debug
		{F8AAB1C2-3EC6-4D14-A85C-6DCE57D80213}.Release|Any CPU.ActiveCfg = Release
		{F8AAB1C2-3EC6-4D14-A85C-6DCE57D80213}.Release|Mixed Platforms.ActiveCfg = Release
		{F8AAB1C2-3EC6-4D14-A85C-6DCE57D80213}.Release|Win32.ActiveCfg = Release
		{F8AAB1C2-3EC6-4D14-A85C-6DCE57D80213}.Release|x64.ActiveCfg = Release
		{F8AAB1C2-3EC6-4D14-A85C-6DCE57D80213}.Release|x86.ActiveCfg = Release
		{F8AAB1C2-3EC6-4D14-A85C-6DCE57D80213}.SingleImage|Any CPU.ActiveCfg = Release
		{F8AAB1C2-3EC6-4D14-A85C-6DCE57D80213}.SingleImage|Mixed Platforms.ActiveCfg = Release
		{F8AAB1C2-3EC6-4D14-A85C-6DCE57D80213}.SingleImage|Win32.ActiveCfg = Release
		{F8AAB1C2-3EC6-4D14-A85C-6DCE57D80213}.SingleImage|x64.ActiveCfg = Release
		{F8AAB1C2-3EC6-4D14-A85C-6DCE57D80213}.SingleImage|x86.ActiveCfg = Release
	EndGlobalSection
	GlobalSection(SolutionProperties) = preSolution
		HideSolutionNode = FALSE
	EndGlobalSection
EndGlobal
